// !$*UTF8*$!
{
	archiveVersion = 1;
	classes = {
	};
	objectVersion = 46;
	objects = {

/* Begin PBXBuildFile section */
		3206D74D1DABD38700F27AB8 /* RecommendCycleView.swift in Sources */ = {isa = PBXBuildFile; fileRef = 3206D74C1DABD38700F27AB8 /* RecommendCycleView.swift */; };
		3206D74F1DABD3C300F27AB8 /* RecommendCycleView.xib in Resources */ = {isa = PBXBuildFile; fileRef = 3206D74E1DABD3C300F27AB8 /* RecommendCycleView.xib */; };
		3206D7531DABDAFD00F27AB8 /* CycleModel.swift in Sources */ = {isa = PBXBuildFile; fileRef = 3206D7521DABDAFD00F27AB8 /* CycleModel.swift */; };
		3206D75E1DAD513B00F27AB8 /* CollectionCycleCell.swift in Sources */ = {isa = PBXBuildFile; fileRef = 3206D75C1DAD513B00F27AB8 /* CollectionCycleCell.swift */; };
		3206D75F1DAD513B00F27AB8 /* CollectionCycleCell.xib in Resources */ = {isa = PBXBuildFile; fileRef = 3206D75D1DAD513B00F27AB8 /* CollectionCycleCell.xib */; };
		3206D7831DAD82A200F27AB8 /* LiveVideoViewController.swift in Sources */ = {isa = PBXBuildFile; fileRef = 3206D7821DAD82A200F27AB8 /* LiveVideoViewController.swift */; };
		3231A2A11DB510E6003F94F9 /* GameViewController.swift in Sources */ = {isa = PBXBuildFile; fileRef = 3231A2A01DB510E6003F94F9 /* GameViewController.swift */; };
		3231A2A31DB517F3003F94F9 /* GameDetailViewModel.swift in Sources */ = {isa = PBXBuildFile; fileRef = 3231A2A21DB517F3003F94F9 /* GameDetailViewModel.swift */; };
		3231A2A51DB51BEE003F94F9 /* GameDetailModel.swift in Sources */ = {isa = PBXBuildFile; fileRef = 3231A2A41DB51BEE003F94F9 /* GameDetailModel.swift */; };
		3235C4E31DB010DF00C9E873 /* BaseViewModel.swift in Sources */ = {isa = PBXBuildFile; fileRef = 3235C4E21DB010DF00C9E873 /* BaseViewModel.swift */; };
		3235C4E51DB0119E00C9E873 /* BaseGameModel.swift in Sources */ = {isa = PBXBuildFile; fileRef = 3235C4E41DB0119E00C9E873 /* BaseGameModel.swift */; };
		3235C4E71DB011FE00C9E873 /* BaseAnchorViewController.swift in Sources */ = {isa = PBXBuildFile; fileRef = 3235C4E61DB011FE00C9E873 /* BaseAnchorViewController.swift */; };
		324D7DF51D95230D000087EC /* AppDelegate.swift in Sources */ = {isa = PBXBuildFile; fileRef = 324D7DF41D95230D000087EC /* AppDelegate.swift */; };
		324D7DFF1D95230D000087EC /* LaunchScreen.storyboard in Resources */ = {isa = PBXBuildFile; fileRef = 324D7DFD1D95230D000087EC /* LaunchScreen.storyboard */; };
		324D7E071D9523F4000087EC /* Images.xcassets in Resources */ = {isa = PBXBuildFile; fileRef = 324D7E061D9523F4000087EC /* Images.xcassets */; };
		324D7E131D95264B000087EC /* MainViewController.swift in Sources */ = {isa = PBXBuildFile; fileRef = 324D7E121D95264B000087EC /* MainViewController.swift */; };
		324D7E221D952848000087EC /* HomeViewController.swift in Sources */ = {isa = PBXBuildFile; fileRef = 324D7E211D952848000087EC /* HomeViewController.swift */; };
		324D7E241D952852000087EC /* LiveViewController.swift in Sources */ = {isa = PBXBuildFile; fileRef = 324D7E231D952852000087EC /* LiveViewController.swift */; };
		324D7E261D95285C000087EC /* FollowViewController.swift in Sources */ = {isa = PBXBuildFile; fileRef = 324D7E251D95285C000087EC /* FollowViewController.swift */; };
		324D7E281D952864000087EC /* MineViewController.swift in Sources */ = {isa = PBXBuildFile; fileRef = 324D7E271D952864000087EC /* MineViewController.swift */; };
		324D7E2B1D952E9F000087EC /* UIBarButtonItem+Extension.swift in Sources */ = {isa = PBXBuildFile; fileRef = 324D7E2A1D952E9F000087EC /* UIBarButtonItem+Extension.swift */; };
		324D7E2D1D95353C000087EC /* Common.swift in Sources */ = {isa = PBXBuildFile; fileRef = 324D7E2C1D95353C000087EC /* Common.swift */; };
		324D7E2F1D953E17000087EC /* PageTitleView.swift in Sources */ = {isa = PBXBuildFile; fileRef = 324D7E2E1D953E17000087EC /* PageTitleView.swift */; };
		324D7E311D95409A000087EC /* UIColor+Extension.swift in Sources */ = {isa = PBXBuildFile; fileRef = 324D7E301D95409A000087EC /* UIColor+Extension.swift */; };
		324D7E331D95A430000087EC /* PageContentView.swift in Sources */ = {isa = PBXBuildFile; fileRef = 324D7E321D95A430000087EC /* PageContentView.swift */; };
		324D7E371D98608F000087EC /* RecommendViewController.swift in Sources */ = {isa = PBXBuildFile; fileRef = 324D7E361D98608F000087EC /* RecommendViewController.swift */; };
		324D7E3A1D986905000087EC /* CollectionHeaderView.swift in Sources */ = {isa = PBXBuildFile; fileRef = 324D7E381D986905000087EC /* CollectionHeaderView.swift */; };
		324D7E3B1D986905000087EC /* CollectionHeaderView.xib in Resources */ = {isa = PBXBuildFile; fileRef = 324D7E391D986905000087EC /* CollectionHeaderView.xib */; };
		324D7E3E1D9870D7000087EC /* CollectionNormalCell.swift in Sources */ = {isa = PBXBuildFile; fileRef = 324D7E3C1D9870D7000087EC /* CollectionNormalCell.swift */; };
		324D7E3F1D9870D7000087EC /* CollectionNormalCell.xib in Resources */ = {isa = PBXBuildFile; fileRef = 324D7E3D1D9870D7000087EC /* CollectionNormalCell.xib */; };
		324D7E481D987C1B000087EC /* CollectionPrettyCell.swift in Sources */ = {isa = PBXBuildFile; fileRef = 324D7E461D987C1B000087EC /* CollectionPrettyCell.swift */; };
		324D7E491D987C1B000087EC /* CollectionPrettyCell.xib in Resources */ = {isa = PBXBuildFile; fileRef = 324D7E471D987C1B000087EC /* CollectionPrettyCell.xib */; };
		324D7E4B1D988493000087EC /* NetworkTools.swift in Sources */ = {isa = PBXBuildFile; fileRef = 324D7E4A1D988493000087EC /* NetworkTools.swift */; };
		324D7E561D9D8DFA000087EC /* AnchorGroupModel.swift in Sources */ = {isa = PBXBuildFile; fileRef = 324D7E541D9D8DFA000087EC /* AnchorGroupModel.swift */; };
		324D7E571D9D8DFA000087EC /* AnchorModel.swift in Sources */ = {isa = PBXBuildFile; fileRef = 324D7E551D9D8DFA000087EC /* AnchorModel.swift */; };
		324D7E591D9D8E06000087EC /* RecommendViewModel.swift in Sources */ = {isa = PBXBuildFile; fileRef = 324D7E581D9D8E06000087EC /* RecommendViewModel.swift */; };
		324D7E5B1D9D8E44000087EC /* NSDate + Extension.swift in Sources */ = {isa = PBXBuildFile; fileRef = 324D7E5A1D9D8E44000087EC /* NSDate + Extension.swift */; };
		324D7E5D1D9DA7BC000087EC /* CollectionBaseCell.swift in Sources */ = {isa = PBXBuildFile; fileRef = 324D7E5C1D9DA7BC000087EC /* CollectionBaseCell.swift */; };
		327DC3331DAFFA6800DAB0DC /* RecommendGameView.swift in Sources */ = {isa = PBXBuildFile; fileRef = 327DC3321DAFFA6800DAB0DC /* RecommendGameView.swift */; };
		327DC3351DAFFA7C00DAB0DC /* RecommendGameView.xib in Resources */ = {isa = PBXBuildFile; fileRef = 327DC3341DAFFA7C00DAB0DC /* RecommendGameView.xib */; };
		327DC33A1DB0020100DAB0DC /* CollectionGameViewCell.swift in Sources */ = {isa = PBXBuildFile; fileRef = 327DC3381DB0020100DAB0DC /* CollectionGameViewCell.swift */; };
		327DC33B1DB0020100DAB0DC /* CollectionGameViewCell.xib in Resources */ = {isa = PBXBuildFile; fileRef = 327DC3391DB0020100DAB0DC /* CollectionGameViewCell.xib */; };
		32845C671DB5323000F74AA5 /* AmuseViewController.swift in Sources */ = {isa = PBXBuildFile; fileRef = 32845C661DB5323000F74AA5 /* AmuseViewController.swift */; };
		32845C691DB5368600F74AA5 /* AmuseViewModel.swift in Sources */ = {isa = PBXBuildFile; fileRef = 32845C681DB5368600F74AA5 /* AmuseViewModel.swift */; };
		32845C6E1DB5369400F74AA5 /* AmuseMenuView.swift in Sources */ = {isa = PBXBuildFile; fileRef = 32845C6A1DB5369400F74AA5 /* AmuseMenuView.swift */; };
		32845C6F1DB5369400F74AA5 /* AmuseMenuView.xib in Resources */ = {isa = PBXBuildFile; fileRef = 32845C6B1DB5369400F74AA5 /* AmuseMenuView.xib */; };
		32845C701DB5369400F74AA5 /* AmuseMenuViewCell.swift in Sources */ = {isa = PBXBuildFile; fileRef = 32845C6C1DB5369400F74AA5 /* AmuseMenuViewCell.swift */; };
		32845C711DB5369400F74AA5 /* AmuseMenuViewCell.xib in Resources */ = {isa = PBXBuildFile; fileRef = 32845C6D1DB5369400F74AA5 /* AmuseMenuViewCell.xib */; };
		32845C731DB5393F00F74AA5 /* FunnyViewController.swift in Sources */ = {isa = PBXBuildFile; fileRef = 32845C721DB5393F00F74AA5 /* FunnyViewController.swift */; };
		32845C751DB5395300F74AA5 /* FunnyViewModel.swift in Sources */ = {isa = PBXBuildFile; fileRef = 32845C741DB5395300F74AA5 /* FunnyViewModel.swift */; };
		32845C771DB53B0D00F74AA5 /* BaseViewController.swift in Sources */ = {isa = PBXBuildFile; fileRef = 32845C761DB53B0D00F74AA5 /* BaseViewController.swift */; };
		EC3E7E8B125099B66EBB2026 /* Pods_DYTV_AlexanderZ_Swift.framework in Frameworks */ = {isa = PBXBuildFile; fileRef = 94EF451FECC04AD9FA861A8E /* Pods_DYTV_AlexanderZ_Swift.framework */; };
/* End PBXBuildFile section */

/* Begin PBXFileReference section */
		3206D74C1DABD38700F27AB8 /* RecommendCycleView.swift */ = {isa = PBXFileReference; fileEncoding = 4; lastKnownFileType = sourcecode.swift; path = RecommendCycleView.swift; sourceTree = "<group>"; };
		3206D74E1DABD3C300F27AB8 /* RecommendCycleView.xib */ = {isa = PBXFileReference; fileEncoding = 4; lastKnownFileType = file.xib; path = RecommendCycleView.xib; sourceTree = "<group>"; };
		3206D7521DABDAFD00F27AB8 /* CycleModel.swift */ = {isa = PBXFileReference; fileEncoding = 4; lastKnownFileType = sourcecode.swift; path = CycleModel.swift; sourceTree = "<group>"; };
		3206D75C1DAD513B00F27AB8 /* CollectionCycleCell.swift */ = {isa = PBXFileReference; fileEncoding = 4; lastKnownFileType = sourcecode.swift; path = CollectionCycleCell.swift; sourceTree = "<group>"; };
		3206D75D1DAD513B00F27AB8 /* CollectionCycleCell.xib */ = {isa = PBXFileReference; fileEncoding = 4; lastKnownFileType = file.xib; path = CollectionCycleCell.xib; sourceTree = "<group>"; };
		3206D7821DAD82A200F27AB8 /* LiveVideoViewController.swift */ = {isa = PBXFileReference; fileEncoding = 4; lastKnownFileType = sourcecode.swift; path = LiveVideoViewController.swift; sourceTree = "<group>"; };
		3231A2A01DB510E6003F94F9 /* GameViewController.swift */ = {isa = PBXFileReference; fileEncoding = 4; lastKnownFileType = sourcecode.swift; path = GameViewController.swift; sourceTree = "<group>"; };
		3231A2A21DB517F3003F94F9 /* GameDetailViewModel.swift */ = {isa = PBXFileReference; fileEncoding = 4; lastKnownFileType = sourcecode.swift; path = GameDetailViewModel.swift; sourceTree = "<group>"; };
		3231A2A41DB51BEE003F94F9 /* GameDetailModel.swift */ = {isa = PBXFileReference; fileEncoding = 4; lastKnownFileType = sourcecode.swift; path = GameDetailModel.swift; sourceTree = "<group>"; };
		3235C4E21DB010DF00C9E873 /* BaseViewModel.swift */ = {isa = PBXFileReference; fileEncoding = 4; lastKnownFileType = sourcecode.swift; path = BaseViewModel.swift; sourceTree = "<group>"; };
		3235C4E41DB0119E00C9E873 /* BaseGameModel.swift */ = {isa = PBXFileReference; fileEncoding = 4; lastKnownFileType = sourcecode.swift; path = BaseGameModel.swift; sourceTree = "<group>"; };
		3235C4E61DB011FE00C9E873 /* BaseAnchorViewController.swift */ = {isa = PBXFileReference; fileEncoding = 4; lastKnownFileType = sourcecode.swift; path = BaseAnchorViewController.swift; sourceTree = "<group>"; };
		324D7DF11D95230D000087EC /* DYTV-AlexanderZ-Swift.app */ = {isa = PBXFileReference; explicitFileType = wrapper.application; includeInIndex = 0; path = "DYTV-AlexanderZ-Swift.app"; sourceTree = BUILT_PRODUCTS_DIR; };
		324D7DF41D95230D000087EC /* AppDelegate.swift */ = {isa = PBXFileReference; lastKnownFileType = sourcecode.swift; path = AppDelegate.swift; sourceTree = "<group>"; };
		324D7DFE1D95230D000087EC /* Base */ = {isa = PBXFileReference; lastKnownFileType = file.storyboard; name = Base; path = Base.lproj/LaunchScreen.storyboard; sourceTree = "<group>"; };
		324D7E001D95230D000087EC /* Info.plist */ = {isa = PBXFileReference; lastKnownFileType = text.plist.xml; path = Info.plist; sourceTree = "<group>"; };
		324D7E061D9523F4000087EC /* Images.xcassets */ = {isa = PBXFileReference; lastKnownFileType = folder.assetcatalog; path = Images.xcassets; sourceTree = "<group>"; };
		324D7E121D95264B000087EC /* MainViewController.swift */ = {isa = PBXFileReference; fileEncoding = 4; lastKnownFileType = sourcecode.swift; path = MainViewController.swift; sourceTree = "<group>"; };
		324D7E211D952848000087EC /* HomeViewController.swift */ = {isa = PBXFileReference; fileEncoding = 4; lastKnownFileType = sourcecode.swift; path = HomeViewController.swift; sourceTree = "<group>"; };
		324D7E231D952852000087EC /* LiveViewController.swift */ = {isa = PBXFileReference; fileEncoding = 4; lastKnownFileType = sourcecode.swift; path = LiveViewController.swift; sourceTree = "<group>"; };
		324D7E251D95285C000087EC /* FollowViewController.swift */ = {isa = PBXFileReference; fileEncoding = 4; lastKnownFileType = sourcecode.swift; path = FollowViewController.swift; sourceTree = "<group>"; };
		324D7E271D952864000087EC /* MineViewController.swift */ = {isa = PBXFileReference; fileEncoding = 4; lastKnownFileType = sourcecode.swift; path = MineViewController.swift; sourceTree = "<group>"; };
		324D7E2A1D952E9F000087EC /* UIBarButtonItem+Extension.swift */ = {isa = PBXFileReference; fileEncoding = 4; lastKnownFileType = sourcecode.swift; path = "UIBarButtonItem+Extension.swift"; sourceTree = "<group>"; };
		324D7E2C1D95353C000087EC /* Common.swift */ = {isa = PBXFileReference; fileEncoding = 4; lastKnownFileType = sourcecode.swift; path = Common.swift; sourceTree = "<group>"; };
		324D7E2E1D953E17000087EC /* PageTitleView.swift */ = {isa = PBXFileReference; fileEncoding = 4; lastKnownFileType = sourcecode.swift; path = PageTitleView.swift; sourceTree = "<group>"; };
		324D7E301D95409A000087EC /* UIColor+Extension.swift */ = {isa = PBXFileReference; fileEncoding = 4; lastKnownFileType = sourcecode.swift; path = "UIColor+Extension.swift"; sourceTree = "<group>"; };
		324D7E321D95A430000087EC /* PageContentView.swift */ = {isa = PBXFileReference; fileEncoding = 4; lastKnownFileType = sourcecode.swift; path = PageContentView.swift; sourceTree = "<group>"; };
		324D7E361D98608F000087EC /* RecommendViewController.swift */ = {isa = PBXFileReference; fileEncoding = 4; lastKnownFileType = sourcecode.swift; path = RecommendViewController.swift; sourceTree = "<group>"; };
		324D7E381D986905000087EC /* CollectionHeaderView.swift */ = {isa = PBXFileReference; fileEncoding = 4; lastKnownFileType = sourcecode.swift; path = CollectionHeaderView.swift; sourceTree = "<group>"; };
		324D7E391D986905000087EC /* CollectionHeaderView.xib */ = {isa = PBXFileReference; fileEncoding = 4; lastKnownFileType = file.xib; path = CollectionHeaderView.xib; sourceTree = "<group>"; };
		324D7E3C1D9870D7000087EC /* CollectionNormalCell.swift */ = {isa = PBXFileReference; fileEncoding = 4; lastKnownFileType = sourcecode.swift; path = CollectionNormalCell.swift; sourceTree = "<group>"; };
		324D7E3D1D9870D7000087EC /* CollectionNormalCell.xib */ = {isa = PBXFileReference; fileEncoding = 4; lastKnownFileType = file.xib; path = CollectionNormalCell.xib; sourceTree = "<group>"; };
		324D7E461D987C1B000087EC /* CollectionPrettyCell.swift */ = {isa = PBXFileReference; fileEncoding = 4; lastKnownFileType = sourcecode.swift; path = CollectionPrettyCell.swift; sourceTree = "<group>"; };
		324D7E471D987C1B000087EC /* CollectionPrettyCell.xib */ = {isa = PBXFileReference; fileEncoding = 4; lastKnownFileType = file.xib; path = CollectionPrettyCell.xib; sourceTree = "<group>"; };
		324D7E4A1D988493000087EC /* NetworkTools.swift */ = {isa = PBXFileReference; fileEncoding = 4; lastKnownFileType = sourcecode.swift; path = NetworkTools.swift; sourceTree = "<group>"; };
		324D7E541D9D8DFA000087EC /* AnchorGroupModel.swift */ = {isa = PBXFileReference; fileEncoding = 4; lastKnownFileType = sourcecode.swift; path = AnchorGroupModel.swift; sourceTree = "<group>"; };
		324D7E551D9D8DFA000087EC /* AnchorModel.swift */ = {isa = PBXFileReference; fileEncoding = 4; lastKnownFileType = sourcecode.swift; path = AnchorModel.swift; sourceTree = "<group>"; };
		324D7E581D9D8E06000087EC /* RecommendViewModel.swift */ = {isa = PBXFileReference; fileEncoding = 4; lastKnownFileType = sourcecode.swift; path = RecommendViewModel.swift; sourceTree = "<group>"; };
		324D7E5A1D9D8E44000087EC /* NSDate + Extension.swift */ = {isa = PBXFileReference; fileEncoding = 4; lastKnownFileType = sourcecode.swift; path = "NSDate + Extension.swift"; sourceTree = "<group>"; };
		324D7E5C1D9DA7BC000087EC /* CollectionBaseCell.swift */ = {isa = PBXFileReference; fileEncoding = 4; lastKnownFileType = sourcecode.swift; path = CollectionBaseCell.swift; sourceTree = "<group>"; };
		327DC3321DAFFA6800DAB0DC /* RecommendGameView.swift */ = {isa = PBXFileReference; fileEncoding = 4; lastKnownFileType = sourcecode.swift; path = RecommendGameView.swift; sourceTree = "<group>"; };
		327DC3341DAFFA7C00DAB0DC /* RecommendGameView.xib */ = {isa = PBXFileReference; fileEncoding = 4; lastKnownFileType = file.xib; path = RecommendGameView.xib; sourceTree = "<group>"; };
		327DC3381DB0020100DAB0DC /* CollectionGameViewCell.swift */ = {isa = PBXFileReference; fileEncoding = 4; lastKnownFileType = sourcecode.swift; path = CollectionGameViewCell.swift; sourceTree = "<group>"; };
		327DC3391DB0020100DAB0DC /* CollectionGameViewCell.xib */ = {isa = PBXFileReference; fileEncoding = 4; lastKnownFileType = file.xib; path = CollectionGameViewCell.xib; sourceTree = "<group>"; };
		32845C661DB5323000F74AA5 /* AmuseViewController.swift */ = {isa = PBXFileReference; fileEncoding = 4; lastKnownFileType = sourcecode.swift; path = AmuseViewController.swift; sourceTree = "<group>"; };
		32845C681DB5368600F74AA5 /* AmuseViewModel.swift */ = {isa = PBXFileReference; fileEncoding = 4; lastKnownFileType = sourcecode.swift; path = AmuseViewModel.swift; sourceTree = "<group>"; };
		32845C6A1DB5369400F74AA5 /* AmuseMenuView.swift */ = {isa = PBXFileReference; fileEncoding = 4; lastKnownFileType = sourcecode.swift; path = AmuseMenuView.swift; sourceTree = "<group>"; };
		32845C6B1DB5369400F74AA5 /* AmuseMenuView.xib */ = {isa = PBXFileReference; fileEncoding = 4; lastKnownFileType = file.xib; path = AmuseMenuView.xib; sourceTree = "<group>"; };
		32845C6C1DB5369400F74AA5 /* AmuseMenuViewCell.swift */ = {isa = PBXFileReference; fileEncoding = 4; lastKnownFileType = sourcecode.swift; path = AmuseMenuViewCell.swift; sourceTree = "<group>"; };
		32845C6D1DB5369400F74AA5 /* AmuseMenuViewCell.xib */ = {isa = PBXFileReference; fileEncoding = 4; lastKnownFileType = file.xib; path = AmuseMenuViewCell.xib; sourceTree = "<group>"; };
		32845C721DB5393F00F74AA5 /* FunnyViewController.swift */ = {isa = PBXFileReference; fileEncoding = 4; lastKnownFileType = sourcecode.swift; path = FunnyViewController.swift; sourceTree = "<group>"; };
		32845C741DB5395300F74AA5 /* FunnyViewModel.swift */ = {isa = PBXFileReference; fileEncoding = 4; lastKnownFileType = sourcecode.swift; path = FunnyViewModel.swift; sourceTree = "<group>"; };
		32845C761DB53B0D00F74AA5 /* BaseViewController.swift */ = {isa = PBXFileReference; fileEncoding = 4; lastKnownFileType = sourcecode.swift; path = BaseViewController.swift; sourceTree = "<group>"; };
		94EF451FECC04AD9FA861A8E /* Pods_DYTV_AlexanderZ_Swift.framework */ = {isa = PBXFileReference; explicitFileType = wrapper.framework; includeInIndex = 0; path = Pods_DYTV_AlexanderZ_Swift.framework; sourceTree = BUILT_PRODUCTS_DIR; };
		99A03E915D381BF6CC7821EF /* Pods-DYTV-AlexanderZ-Swift.debug.xcconfig */ = {isa = PBXFileReference; includeInIndex = 1; lastKnownFileType = text.xcconfig; name = "Pods-DYTV-AlexanderZ-Swift.debug.xcconfig"; path = "Pods/Target Support Files/Pods-DYTV-AlexanderZ-Swift/Pods-DYTV-AlexanderZ-Swift.debug.xcconfig"; sourceTree = "<group>"; };
		A08BA59364DCCB4CFFBFE04B /* Pods-DYTV-AlexanderZ-Swift.release.xcconfig */ = {isa = PBXFileReference; includeInIndex = 1; lastKnownFileType = text.xcconfig; name = "Pods-DYTV-AlexanderZ-Swift.release.xcconfig"; path = "Pods/Target Support Files/Pods-DYTV-AlexanderZ-Swift/Pods-DYTV-AlexanderZ-Swift.release.xcconfig"; sourceTree = "<group>"; };
/* End PBXFileReference section */

/* Begin PBXFrameworksBuildPhase section */
		324D7DEE1D95230D000087EC /* Frameworks */ = {
			isa = PBXFrameworksBuildPhase;
			buildActionMask = 2147483647;
			files = (
				EC3E7E8B125099B66EBB2026 /* Pods_DYTV_AlexanderZ_Swift.framework in Frameworks */,
			);
			runOnlyForDeploymentPostprocessing = 0;
		};
/* End PBXFrameworksBuildPhase section */

/* Begin PBXGroup section */
		14685AAA591DD5EBDEB56B38 /* Pods */ = {
			isa = PBXGroup;
			children = (
				99A03E915D381BF6CC7821EF /* Pods-DYTV-AlexanderZ-Swift.debug.xcconfig */,
				A08BA59364DCCB4CFFBFE04B /* Pods-DYTV-AlexanderZ-Swift.release.xcconfig */,
			);
			name = Pods;
			sourceTree = "<group>";
		};
		3206D77D1DAD81DD00F27AB8 /* LiveVideo(直播页) */ = {
			isa = PBXGroup;
			children = (
				3206D7811DAD821400F27AB8 /* Controller */,
				3206D7801DAD820400F27AB8 /* View */,
				3206D77F1DAD81FA00F27AB8 /* Model */,
				3206D77E1DAD81F200F27AB8 /* ViewModel */,
			);
			name = "LiveVideo(直播页)";
			sourceTree = "<group>";
		};
		3206D77E1DAD81F200F27AB8 /* ViewModel */ = {
			isa = PBXGroup;
			children = (
			);
			name = ViewModel;
			sourceTree = "<group>";
		};
		3206D77F1DAD81FA00F27AB8 /* Model */ = {
			isa = PBXGroup;
			children = (
			);
			name = Model;
			sourceTree = "<group>";
		};
		3206D7801DAD820400F27AB8 /* View */ = {
			isa = PBXGroup;
			children = (
			);
			name = View;
			sourceTree = "<group>";
		};
		3206D7811DAD821400F27AB8 /* Controller */ = {
			isa = PBXGroup;
			children = (
				3206D7821DAD82A200F27AB8 /* LiveVideoViewController.swift */,
			);
			name = Controller;
			sourceTree = "<group>";
		};
		3235C4E11DB010C700C9E873 /* ViewModel */ = {
			isa = PBXGroup;
			children = (
				3235C4E21DB010DF00C9E873 /* BaseViewModel.swift */,
			);
			name = ViewModel;
			sourceTree = "<group>";
		};
		324D7DE81D95230D000087EC = {
			isa = PBXGroup;
			children = (
				324D7DF31D95230D000087EC /* DYTV-AlexanderZ-Swift */,
				324D7DF21D95230D000087EC /* Products */,
				14685AAA591DD5EBDEB56B38 /* Pods */,
				E9AED66782DA0BBBCAC2EBAE /* Frameworks */,
			);
			sourceTree = "<group>";
		};
		324D7DF21D95230D000087EC /* Products */ = {
			isa = PBXGroup;
			children = (
				324D7DF11D95230D000087EC /* DYTV-AlexanderZ-Swift.app */,
			);
			name = Products;
			sourceTree = "<group>";
		};
		324D7DF31D95230D000087EC /* DYTV-AlexanderZ-Swift */ = {
			isa = PBXGroup;
			children = (
				324D7E081D9524CA000087EC /* Classes */,
				324D7DF41D95230D000087EC /* AppDelegate.swift */,
				324D7DFD1D95230D000087EC /* LaunchScreen.storyboard */,
				324D7E001D95230D000087EC /* Info.plist */,
				324D7E061D9523F4000087EC /* Images.xcassets */,
			);
			path = "DYTV-AlexanderZ-Swift";
			sourceTree = "<group>";
		};
		324D7E081D9524CA000087EC /* Classes */ = {
			isa = PBXGroup;
			children = (
				3206D77D1DAD81DD00F27AB8 /* LiveVideo(直播页) */,
				324D7E091D9524D8000087EC /* Main(主框架) */,
				324D7E0A1D9524E2000087EC /* Home(首页) */,
				324D7E0B1D9524EF000087EC /* Live(直播) */,
				324D7E0C1D952503000087EC /* Follow(关注) */,
				324D7E0D1D95250D000087EC /* Mine(我的) */,
				324D7E0E1D95251B000087EC /* Tools(工具类) */,
			);
			name = Classes;
			sourceTree = "<group>";
		};
		324D7E091D9524D8000087EC /* Main(主框架) */ = {
			isa = PBXGroup;
			children = (
				3235C4E11DB010C700C9E873 /* ViewModel */,
				324D7E111D95261A000087EC /* Controller */,
				324D7E101D952615000087EC /* View */,
				324D7E0F1D952610000087EC /* Model */,
			);
			name = "Main(主框架)";
			sourceTree = "<group>";
		};
		324D7E0A1D9524E2000087EC /* Home(首页) */ = {
			isa = PBXGroup;
			children = (
				324D7E171D9527FB000087EC /* ViewModel */,
				324D7E161D9527F5000087EC /* Controller */,
				324D7E151D9527F0000087EC /* View */,
				324D7E141D9527E7000087EC /* Model */,
			);
			name = "Home(首页)";
			sourceTree = "<group>";
		};
		324D7E0B1D9524EF000087EC /* Live(直播) */ = {
			isa = PBXGroup;
			children = (
				324D7E1A1D952819000087EC /* Model */,
				324D7E191D952811000087EC /* View */,
				324D7E181D952803000087EC /* Controller */,
			);
			name = "Live(直播)";
			sourceTree = "<group>";
		};
		324D7E0C1D952503000087EC /* Follow(关注) */ = {
			isa = PBXGroup;
			children = (
				324D7E1D1D952829000087EC /* Controller */,
				324D7E1C1D952824000087EC /* Model */,
				324D7E1B1D952820000087EC /* View */,
			);
			name = "Follow(关注)";
			sourceTree = "<group>";
		};
		324D7E0D1D95250D000087EC /* Mine(我的) */ = {
			isa = PBXGroup;
			children = (
				324D7E201D952838000087EC /* Controller */,
				324D7E1F1D952833000087EC /* View */,
				324D7E1E1D95282F000087EC /* Model */,
			);
			name = "Mine(我的)";
			sourceTree = "<group>";
		};
		324D7E0E1D95251B000087EC /* Tools(工具类) */ = {
			isa = PBXGroup;
			children = (
				324D7E291D952E7B000087EC /* Extension */,
				324D7E2C1D95353C000087EC /* Common.swift */,
				324D7E4A1D988493000087EC /* NetworkTools.swift */,
			);
			name = "Tools(工具类)";
			sourceTree = "<group>";
		};
		324D7E0F1D952610000087EC /* Model */ = {
			isa = PBXGroup;
			children = (
				324D7E541D9D8DFA000087EC /* AnchorGroupModel.swift */,
				324D7E551D9D8DFA000087EC /* AnchorModel.swift */,
				3235C4E41DB0119E00C9E873 /* BaseGameModel.swift */,
			);
			name = Model;
			sourceTree = "<group>";
		};
		324D7E101D952615000087EC /* View */ = {
			isa = PBXGroup;
			children = (
				324D7E2E1D953E17000087EC /* PageTitleView.swift */,
				324D7E321D95A430000087EC /* PageContentView.swift */,
				324D7E3C1D9870D7000087EC /* CollectionNormalCell.swift */,
				324D7E3D1D9870D7000087EC /* CollectionNormalCell.xib */,
				324D7E461D987C1B000087EC /* CollectionPrettyCell.swift */,
				324D7E471D987C1B000087EC /* CollectionPrettyCell.xib */,
				324D7E5C1D9DA7BC000087EC /* CollectionBaseCell.swift */,
			);
			name = View;
			sourceTree = "<group>";
		};
		324D7E111D95261A000087EC /* Controller */ = {
			isa = PBXGroup;
			children = (
				324D7E121D95264B000087EC /* MainViewController.swift */,
				32845C761DB53B0D00F74AA5 /* BaseViewController.swift */,
				3235C4E61DB011FE00C9E873 /* BaseAnchorViewController.swift */,
			);
			name = Controller;
			sourceTree = "<group>";
		};
		324D7E141D9527E7000087EC /* Model */ = {
			isa = PBXGroup;
			children = (
				3206D7521DABDAFD00F27AB8 /* CycleModel.swift */,
				3231A2A41DB51BEE003F94F9 /* GameDetailModel.swift */,
			);
			name = Model;
			sourceTree = "<group>";
		};
		324D7E151D9527F0000087EC /* View */ = {
			isa = PBXGroup;
			children = (
				324D7E381D986905000087EC /* CollectionHeaderView.swift */,
				324D7E391D986905000087EC /* CollectionHeaderView.xib */,
				3206D74C1DABD38700F27AB8 /* RecommendCycleView.swift */,
				3206D74E1DABD3C300F27AB8 /* RecommendCycleView.xib */,
				3206D75C1DAD513B00F27AB8 /* CollectionCycleCell.swift */,
				3206D75D1DAD513B00F27AB8 /* CollectionCycleCell.xib */,
				327DC3321DAFFA6800DAB0DC /* RecommendGameView.swift */,
				327DC3341DAFFA7C00DAB0DC /* RecommendGameView.xib */,
				327DC3381DB0020100DAB0DC /* CollectionGameViewCell.swift */,
				327DC3391DB0020100DAB0DC /* CollectionGameViewCell.xib */,
				32845C6A1DB5369400F74AA5 /* AmuseMenuView.swift */,
				32845C6B1DB5369400F74AA5 /* AmuseMenuView.xib */,
				32845C6C1DB5369400F74AA5 /* AmuseMenuViewCell.swift */,
				32845C6D1DB5369400F74AA5 /* AmuseMenuViewCell.xib */,
			);
			name = View;
			sourceTree = "<group>";
		};
		324D7E161D9527F5000087EC /* Controller */ = {
			isa = PBXGroup;
			children = (
				324D7E211D952848000087EC /* HomeViewController.swift */,
				324D7E361D98608F000087EC /* RecommendViewController.swift */,
				3231A2A01DB510E6003F94F9 /* GameViewController.swift */,
				32845C661DB5323000F74AA5 /* AmuseViewController.swift */,
				32845C721DB5393F00F74AA5 /* FunnyViewController.swift */,
			);
			name = Controller;
			sourceTree = "<group>";
		};
		324D7E171D9527FB000087EC /* ViewModel */ = {
			isa = PBXGroup;
			children = (
				324D7E581D9D8E06000087EC /* RecommendViewModel.swift */,
				3231A2A21DB517F3003F94F9 /* GameDetailViewModel.swift */,
				32845C681DB5368600F74AA5 /* AmuseViewModel.swift */,
				32845C741DB5395300F74AA5 /* FunnyViewModel.swift */,
			);
			name = ViewModel;
			sourceTree = "<group>";
		};
		324D7E181D952803000087EC /* Controller */ = {
			isa = PBXGroup;
			children = (
				324D7E231D952852000087EC /* LiveViewController.swift */,
			);
			name = Controller;
			sourceTree = "<group>";
		};
		324D7E191D952811000087EC /* View */ = {
			isa = PBXGroup;
			children = (
			);
			name = View;
			sourceTree = "<group>";
		};
		324D7E1A1D952819000087EC /* Model */ = {
			isa = PBXGroup;
			children = (
			);
			name = Model;
			sourceTree = "<group>";
		};
		324D7E1B1D952820000087EC /* View */ = {
			isa = PBXGroup;
			children = (
			);
			name = View;
			sourceTree = "<group>";
		};
		324D7E1C1D952824000087EC /* Model */ = {
			isa = PBXGroup;
			children = (
			);
			name = Model;
			sourceTree = "<group>";
		};
		324D7E1D1D952829000087EC /* Controller */ = {
			isa = PBXGroup;
			children = (
				324D7E251D95285C000087EC /* FollowViewController.swift */,
			);
			name = Controller;
			sourceTree = "<group>";
		};
		324D7E1E1D95282F000087EC /* Model */ = {
			isa = PBXGroup;
			children = (
			);
			name = Model;
			sourceTree = "<group>";
		};
		324D7E1F1D952833000087EC /* View */ = {
			isa = PBXGroup;
			children = (
			);
			name = View;
			sourceTree = "<group>";
		};
		324D7E201D952838000087EC /* Controller */ = {
			isa = PBXGroup;
			children = (
				324D7E271D952864000087EC /* MineViewController.swift */,
			);
			name = Controller;
			sourceTree = "<group>";
		};
		324D7E291D952E7B000087EC /* Extension */ = {
			isa = PBXGroup;
			children = (
				324D7E5A1D9D8E44000087EC /* NSDate + Extension.swift */,
				324D7E2A1D952E9F000087EC /* UIBarButtonItem+Extension.swift */,
				324D7E301D95409A000087EC /* UIColor+Extension.swift */,
			);
			name = Extension;
			sourceTree = "<group>";
		};
		E9AED66782DA0BBBCAC2EBAE /* Frameworks */ = {
			isa = PBXGroup;
			children = (
				94EF451FECC04AD9FA861A8E /* Pods_DYTV_AlexanderZ_Swift.framework */,
			);
			name = Frameworks;
			sourceTree = "<group>";
		};
/* End PBXGroup section */

/* Begin PBXNativeTarget section */
		324D7DF01D95230D000087EC /* DYTV-AlexanderZ-Swift */ = {
			isa = PBXNativeTarget;
			buildConfigurationList = 324D7E031D95230D000087EC /* Build configuration list for PBXNativeTarget "DYTV-AlexanderZ-Swift" */;
			buildPhases = (
				E7523D24DAD43DF8CABD26B6 /* [CP] Check Pods Manifest.lock */,
				324D7DED1D95230D000087EC /* Sources */,
				324D7DEE1D95230D000087EC /* Frameworks */,
				324D7DEF1D95230D000087EC /* Resources */,
				530B24EBC385583B7C2DDD13 /* [CP] Embed Pods Frameworks */,
				89AAB0ACA22F61ACE8613905 /* [CP] Copy Pods Resources */,
			);
			buildRules = (
			);
			dependencies = (
			);
			name = "DYTV-AlexanderZ-Swift";
			productName = "DYTV-AlexanderZ-Swift";
			productReference = 324D7DF11D95230D000087EC /* DYTV-AlexanderZ-Swift.app */;
			productType = "com.apple.product-type.application";
		};
/* End PBXNativeTarget section */

/* Begin PBXProject section */
		324D7DE91D95230D000087EC /* Project object */ = {
			isa = PBXProject;
			attributes = {
				LastSwiftUpdateCheck = 0730;
				LastUpgradeCheck = 0800;
				ORGANIZATIONNAME = "Alexander Zou";
				TargetAttributes = {
					324D7DF01D95230D000087EC = {
						CreatedOnToolsVersion = 7.3.1;
						DevelopmentTeam = MDG236NNW7;
						LastSwiftMigration = 0800;
						ProvisioningStyle = Automatic;
					};
				};
			};
			buildConfigurationList = 324D7DEC1D95230D000087EC /* Build configuration list for PBXProject "DYTV-AlexanderZ-Swift" */;
			compatibilityVersion = "Xcode 3.2";
			developmentRegion = English;
			hasScannedForEncodings = 0;
			knownRegions = (
				en,
				Base,
			);
			mainGroup = 324D7DE81D95230D000087EC;
			productRefGroup = 324D7DF21D95230D000087EC /* Products */;
			projectDirPath = "";
			projectRoot = "";
			targets = (
				324D7DF01D95230D000087EC /* DYTV-AlexanderZ-Swift */,
			);
		};
/* End PBXProject section */

/* Begin PBXResourcesBuildPhase section */
		324D7DEF1D95230D000087EC /* Resources */ = {
			isa = PBXResourcesBuildPhase;
			buildActionMask = 2147483647;
			files = (
				324D7E071D9523F4000087EC /* Images.xcassets in Resources */,
				324D7DFF1D95230D000087EC /* LaunchScreen.storyboard in Resources */,
				3206D74F1DABD3C300F27AB8 /* RecommendCycleView.xib in Resources */,
				32845C6F1DB5369400F74AA5 /* AmuseMenuView.xib in Resources */,
				32845C711DB5369400F74AA5 /* AmuseMenuViewCell.xib in Resources */,
				327DC33B1DB0020100DAB0DC /* CollectionGameViewCell.xib in Resources */,
				3206D75F1DAD513B00F27AB8 /* CollectionCycleCell.xib in Resources */,
				324D7E491D987C1B000087EC /* CollectionPrettyCell.xib in Resources */,
				327DC3351DAFFA7C00DAB0DC /* RecommendGameView.xib in Resources */,
				324D7E3F1D9870D7000087EC /* CollectionNormalCell.xib in Resources */,
				324D7E3B1D986905000087EC /* CollectionHeaderView.xib in Resources */,
			);
			runOnlyForDeploymentPostprocessing = 0;
		};
/* End PBXResourcesBuildPhase section */

/* Begin PBXShellScriptBuildPhase section */
		530B24EBC385583B7C2DDD13 /* [CP] Embed Pods Frameworks */ = {
			isa = PBXShellScriptBuildPhase;
			buildActionMask = 2147483647;
			files = (
			);
			inputPaths = (
			);
			name = "[CP] Embed Pods Frameworks";
			outputPaths = (
			);
			runOnlyForDeploymentPostprocessing = 0;
			shellPath = /bin/sh;
			shellScript = "\"${SRCROOT}/Pods/Target Support Files/Pods-DYTV-AlexanderZ-Swift/Pods-DYTV-AlexanderZ-Swift-frameworks.sh\"\n";
			showEnvVarsInLog = 0;
		};
		89AAB0ACA22F61ACE8613905 /* [CP] Copy Pods Resources */ = {
			isa = PBXShellScriptBuildPhase;
			buildActionMask = 2147483647;
			files = (
			);
			inputPaths = (
			);
			name = "[CP] Copy Pods Resources";
			outputPaths = (
			);
			runOnlyForDeploymentPostprocessing = 0;
			shellPath = /bin/sh;
			shellScript = "\"${SRCROOT}/Pods/Target Support Files/Pods-DYTV-AlexanderZ-Swift/Pods-DYTV-AlexanderZ-Swift-resources.sh\"\n";
			showEnvVarsInLog = 0;
		};
		E7523D24DAD43DF8CABD26B6 /* [CP] Check Pods Manifest.lock */ = {
			isa = PBXShellScriptBuildPhase;
			buildActionMask = 2147483647;
			files = (
			);
			inputPaths = (
			);
			name = "[CP] Check Pods Manifest.lock";
			outputPaths = (
			);
			runOnlyForDeploymentPostprocessing = 0;
			shellPath = /bin/sh;
			shellScript = "diff \"${PODS_ROOT}/../Podfile.lock\" \"${PODS_ROOT}/Manifest.lock\" > /dev/null\nif [[ $? != 0 ]] ; then\n    cat << EOM\nerror: The sandbox is not in sync with the Podfile.lock. Run 'pod install' or update your CocoaPods installation.\nEOM\n    exit 1\nfi\n";
			showEnvVarsInLog = 0;
		};
/* End PBXShellScriptBuildPhase section */

/* Begin PBXSourcesBuildPhase section */
		324D7DED1D95230D000087EC /* Sources */ = {
			isa = PBXSourcesBuildPhase;
			buildActionMask = 2147483647;
			files = (
				327DC33A1DB0020100DAB0DC /* CollectionGameViewCell.swift in Sources */,
				32845C731DB5393F00F74AA5 /* FunnyViewController.swift in Sources */,
				324D7E2D1D95353C000087EC /* Common.swift in Sources */,
				324D7E561D9D8DFA000087EC /* AnchorGroupModel.swift in Sources */,
				324D7DF51D95230D000087EC /* AppDelegate.swift in Sources */,
				32845C771DB53B0D00F74AA5 /* BaseViewController.swift in Sources */,
				3235C4E71DB011FE00C9E873 /* BaseAnchorViewController.swift in Sources */,
				32845C6E1DB5369400F74AA5 /* AmuseMenuView.swift in Sources */,
				324D7E331D95A430000087EC /* PageContentView.swift in Sources */,
				324D7E481D987C1B000087EC /* CollectionPrettyCell.swift in Sources */,
				3206D7831DAD82A200F27AB8 /* LiveVideoViewController.swift in Sources */,
				32845C701DB5369400F74AA5 /* AmuseMenuViewCell.swift in Sources */,
				324D7E591D9D8E06000087EC /* RecommendViewModel.swift in Sources */,
				324D7E5B1D9D8E44000087EC /* NSDate + Extension.swift in Sources */,
				324D7E131D95264B000087EC /* MainViewController.swift in Sources */,
				3206D75E1DAD513B00F27AB8 /* CollectionCycleCell.swift in Sources */,
				324D7E261D95285C000087EC /* FollowViewController.swift in Sources */,
				324D7E371D98608F000087EC /* RecommendViewController.swift in Sources */,
				324D7E2B1D952E9F000087EC /* UIBarButtonItem+Extension.swift in Sources */,
				324D7E4B1D988493000087EC /* NetworkTools.swift in Sources */,
				32845C691DB5368600F74AA5 /* AmuseViewModel.swift in Sources */,
				324D7E5D1D9DA7BC000087EC /* CollectionBaseCell.swift in Sources */,
				324D7E3A1D986905000087EC /* CollectionHeaderView.swift in Sources */,
				324D7E3E1D9870D7000087EC /* CollectionNormalCell.swift in Sources */,
				32845C671DB5323000F74AA5 /* AmuseViewController.swift in Sources */,
				324D7E241D952852000087EC /* LiveViewController.swift in Sources */,
				3231A2A31DB517F3003F94F9 /* GameDetailViewModel.swift in Sources */,
				324D7E2F1D953E17000087EC /* PageTitleView.swift in Sources */,
				327DC3331DAFFA6800DAB0DC /* RecommendGameView.swift in Sources */,
				32845C751DB5395300F74AA5 /* FunnyViewModel.swift in Sources */,
				3231A2A11DB510E6003F94F9 /* GameViewController.swift in Sources */,
				324D7E221D952848000087EC /* HomeViewController.swift in Sources */,
				3235C4E31DB010DF00C9E873 /* BaseViewModel.swift in Sources */,
				3235C4E51DB0119E00C9E873 /* BaseGameModel.swift in Sources */,
				324D7E281D952864000087EC /* MineViewController.swift in Sources */,
				324D7E571D9D8DFA000087EC /* AnchorModel.swift in Sources */,
				3231A2A51DB51BEE003F94F9 /* GameDetailModel.swift in Sources */,
				3206D74D1DABD38700F27AB8 /* RecommendCycleView.swift in Sources */,
				3206D7531DABDAFD00F27AB8 /* CycleModel.swift in Sources */,
				324D7E311D95409A000087EC /* UIColor+Extension.swift in Sources */,
			);
			runOnlyForDeploymentPostprocessing = 0;
		};
/* End PBXSourcesBuildPhase section */

/* Begin PBXVariantGroup section */
		324D7DFD1D95230D000087EC /* LaunchScreen.storyboard */ = {
			isa = PBXVariantGroup;
			children = (
				324D7DFE1D95230D000087EC /* Base */,
			);
			name = LaunchScreen.storyboard;
			sourceTree = "<group>";
		};
/* End PBXVariantGroup section */

/* Begin XCBuildConfiguration section */
		324D7E011D95230D000087EC /* Debug */ = {
			isa = XCBuildConfiguration;
			buildSettings = {
				ALWAYS_SEARCH_USER_PATHS = NO;
				CLANG_ANALYZER_NONNULL = YES;
				CLANG_CXX_LANGUAGE_STANDARD = "gnu++0x";
				CLANG_CXX_LIBRARY = "libc++";
				CLANG_ENABLE_MODULES = YES;
				CLANG_ENABLE_OBJC_ARC = YES;
				CLANG_WARN_BOOL_CONVERSION = YES;
				CLANG_WARN_CONSTANT_CONVERSION = YES;
				CLANG_WARN_DIRECT_OBJC_ISA_USAGE = YES_ERROR;
				CLANG_WARN_EMPTY_BODY = YES;
				CLANG_WARN_ENUM_CONVERSION = YES;
				CLANG_WARN_INFINITE_RECURSION = YES;
				CLANG_WARN_INT_CONVERSION = YES;
				CLANG_WARN_OBJC_ROOT_CLASS = YES_ERROR;
				CLANG_WARN_SUSPICIOUS_MOVE = YES;
				CLANG_WARN_UNREACHABLE_CODE = YES;
				CLANG_WARN__DUPLICATE_METHOD_MATCH = YES;
				"CODE_SIGN_IDENTITY[sdk=iphoneos*]" = "iPhone Developer";
				COPY_PHASE_STRIP = NO;
				DEBUG_INFORMATION_FORMAT = dwarf;
				ENABLE_STRICT_OBJC_MSGSEND = YES;
				ENABLE_TESTABILITY = YES;
				GCC_C_LANGUAGE_STANDARD = gnu99;
				GCC_DYNAMIC_NO_PIC = NO;
				GCC_NO_COMMON_BLOCKS = YES;
				GCC_OPTIMIZATION_LEVEL = 0;
				GCC_PREPROCESSOR_DEFINITIONS = (
					"DEBUG=1",
					"$(inherited)",
				);
				GCC_WARN_64_TO_32_BIT_CONVERSION = YES;
				GCC_WARN_ABOUT_RETURN_TYPE = YES_ERROR;
				GCC_WARN_UNDECLARED_SELECTOR = YES;
				GCC_WARN_UNINITIALIZED_AUTOS = YES_AGGRESSIVE;
				GCC_WARN_UNUSED_FUNCTION = YES;
				GCC_WARN_UNUSED_VARIABLE = YES;
				IPHONEOS_DEPLOYMENT_TARGET = 9.3;
				MTL_ENABLE_DEBUG_INFO = YES;
				ONLY_ACTIVE_ARCH = YES;
				SDKROOT = iphoneos;
				SWIFT_OPTIMIZATION_LEVEL = "-Onone";
				TARGETED_DEVICE_FAMILY = "1,2";
			};
			name = Debug;
		};
		324D7E021D95230D000087EC /* Release */ = {
			isa = XCBuildConfiguration;
			buildSettings = {
				ALWAYS_SEARCH_USER_PATHS = NO;
				CLANG_ANALYZER_NONNULL = YES;
				CLANG_CXX_LANGUAGE_STANDARD = "gnu++0x";
				CLANG_CXX_LIBRARY = "libc++";
				CLANG_ENABLE_MODULES = YES;
				CLANG_ENABLE_OBJC_ARC = YES;
				CLANG_WARN_BOOL_CONVERSION = YES;
				CLANG_WARN_CONSTANT_CONVERSION = YES;
				CLANG_WARN_DIRECT_OBJC_ISA_USAGE = YES_ERROR;
				CLANG_WARN_EMPTY_BODY = YES;
				CLANG_WARN_ENUM_CONVERSION = YES;
				CLANG_WARN_INFINITE_RECURSION = YES;
				CLANG_WARN_INT_CONVERSION = YES;
				CLANG_WARN_OBJC_ROOT_CLASS = YES_ERROR;
				CLANG_WARN_SUSPICIOUS_MOVE = YES;
				CLANG_WARN_UNREACHABLE_CODE = YES;
				CLANG_WARN__DUPLICATE_METHOD_MATCH = YES;
				"CODE_SIGN_IDENTITY[sdk=iphoneos*]" = "iPhone Developer";
				COPY_PHASE_STRIP = NO;
				DEBUG_INFORMATION_FORMAT = "dwarf-with-dsym";
				ENABLE_NS_ASSERTIONS = NO;
				ENABLE_STRICT_OBJC_MSGSEND = YES;
				GCC_C_LANGUAGE_STANDARD = gnu99;
				GCC_NO_COMMON_BLOCKS = YES;
				GCC_WARN_64_TO_32_BIT_CONVERSION = YES;
				GCC_WARN_ABOUT_RETURN_TYPE = YES_ERROR;
				GCC_WARN_UNDECLARED_SELECTOR = YES;
				GCC_WARN_UNINITIALIZED_AUTOS = YES_AGGRESSIVE;
				GCC_WARN_UNUSED_FUNCTION = YES;
				GCC_WARN_UNUSED_VARIABLE = YES;
				IPHONEOS_DEPLOYMENT_TARGET = 9.3;
				MTL_ENABLE_DEBUG_INFO = NO;
				SDKROOT = iphoneos;
				SWIFT_OPTIMIZATION_LEVEL = "-Owholemodule";
				TARGETED_DEVICE_FAMILY = "1,2";
				VALIDATE_PRODUCT = YES;
			};
			name = Release;
		};
		324D7E041D95230D000087EC /* Debug */ = {
			isa = XCBuildConfiguration;
			baseConfigurationReference = 99A03E915D381BF6CC7821EF /* Pods-DYTV-AlexanderZ-Swift.debug.xcconfig */;
			buildSettings = {
				ALWAYS_EMBED_SWIFT_STANDARD_LIBRARIES = YES;
				ASSETCATALOG_COMPILER_APPICON_NAME = AppIcon;
				ASSETCATALOG_COMPILER_LAUNCHIMAGE_NAME = "Brand Assets";
				"CODE_SIGN_IDENTITY[sdk=iphoneos*]" = "iPhone Developer";
				DEVELOPMENT_TEAM = MDG236NNW7;
				FRAMEWORK_SEARCH_PATHS = (
					"$(inherited)",
					"$(PROJECT_DIR)",
				);
				INFOPLIST_FILE = "DYTV-AlexanderZ-Swift/Info.plist";
				IPHONEOS_DEPLOYMENT_TARGET = 9.0;
				LD_RUNPATH_SEARCH_PATHS = "$(inherited) @executable_path/Frameworks";
				PRODUCT_BUNDLE_IDENTIFIER = "SugarAlex.DYTV-AlexanderZ-Swift";
				PRODUCT_NAME = "$(TARGET_NAME)";
				SWIFT_VERSION = 3.0;
				TARGETED_DEVICE_FAMILY = 1;
			};
			name = Debug;
		};
		324D7E051D95230D000087EC /* Release */ = {
			isa = XCBuildConfiguration;
			baseConfigurationReference = A08BA59364DCCB4CFFBFE04B /* Pods-DYTV-AlexanderZ-Swift.release.xcconfig */;
			buildSettings = {
				ALWAYS_EMBED_SWIFT_STANDARD_LIBRARIES = YES;
				ASSETCATALOG_COMPILER_APPICON_NAME = AppIcon;
				ASSETCATALOG_COMPILER_LAUNCHIMAGE_NAME = "Brand Assets";
				"CODE_SIGN_IDENTITY[sdk=iphoneos*]" = "iPhone Developer";
				DEVELOPMENT_TEAM = MDG236NNW7;
				FRAMEWORK_SEARCH_PATHS = (
					"$(inherited)",
					"$(PROJECT_DIR)",
				);
				INFOPLIST_FILE = "DYTV-AlexanderZ-Swift/Info.plist";
				IPHONEOS_DEPLOYMENT_TARGET = 9.0;
				LD_RUNPATH_SEARCH_PATHS = "$(inherited) @executable_path/Frameworks";
				PRODUCT_BUNDLE_IDENTIFIER = "SugarAlex.DYTV-AlexanderZ-Swift";
				PRODUCT_NAME = "$(TARGET_NAME)";
				SWIFT_VERSION = 3.0;
				TARGETED_DEVICE_FAMILY = 1;
			};
			name = Release;
		};
/* End XCBuildConfiguration section */

/* Begin XCConfigurationList section */
		324D7DEC1D95230D000087EC /* Build configuration list for PBXProject "DYTV-AlexanderZ-Swift" */ = {
			isa = XCConfigurationList;
			buildConfigurations = (
				324D7E011D95230D000087EC /* Debug */,
				324D7E021D95230D000087EC /* Release */,
			);
			defaultConfigurationIsVisible = 0;
			defaultConfigurationName = Release;
		};
		324D7E031D95230D000087EC /* Build configuration list for PBXNativeTarget "DYTV-AlexanderZ-Swift" */ = {
			isa = XCConfigurationList;
			buildConfigurations = (
				324D7E041D95230D000087EC /* Debug */,
				324D7E051D95230D000087EC /* Release */,
			);
			defaultConfigurationIsVisible = 0;
			defaultConfigurationName = Release;
		};
/* End XCConfigurationList section */
	};
	rootObject = 324D7DE91D95230D000087EC /* Project object */;
}
