// !$*UTF8*$!
{
	archiveVersion = 1;
	classes = {
	};
	objectVersion = 46;
	objects = {

/* Begin PBXBuildFile section */
		324D7DF51D95230D000087EC /* AppDelegate.swift in Sources */ = {isa = PBXBuildFile; fileRef = 324D7DF41D95230D000087EC /* AppDelegate.swift */; };
		324D7DFF1D95230D000087EC /* LaunchScreen.storyboard in Resources */ = {isa = PBXBuildFile; fileRef = 324D7DFD1D95230D000087EC /* LaunchScreen.storyboard */; };
		324D7E071D9523F4000087EC /* Images.xcassets in Resources */ = {isa = PBXBuildFile; fileRef = 324D7E061D9523F4000087EC /* Images.xcassets */; };
		32567F621DB5769C009874EF /* FollowViewController.swift in Sources */ = {isa = PBXBuildFile; fileRef = 32567F141DB5769C009874EF /* FollowViewController.swift */; };
		32567F631DB5769C009874EF /* AmuseViewController.swift in Sources */ = {isa = PBXBuildFile; fileRef = 32567F1A1DB5769C009874EF /* AmuseViewController.swift */; };
		32567F641DB5769C009874EF /* FunnyViewController.swift in Sources */ = {isa = PBXBuildFile; fileRef = 32567F1B1DB5769C009874EF /* FunnyViewController.swift */; };
		32567F651DB5769C009874EF /* GameViewController.swift in Sources */ = {isa = PBXBuildFile; fileRef = 32567F1C1DB5769C009874EF /* GameViewController.swift */; };
		32567F661DB5769C009874EF /* HomeViewController.swift in Sources */ = {isa = PBXBuildFile; fileRef = 32567F1D1DB5769C009874EF /* HomeViewController.swift */; };
		32567F671DB5769C009874EF /* RecommendViewController.swift in Sources */ = {isa = PBXBuildFile; fileRef = 32567F1E1DB5769C009874EF /* RecommendViewController.swift */; };
		32567F681DB5769C009874EF /* CycleModel.swift in Sources */ = {isa = PBXBuildFile; fileRef = 32567F201DB5769C009874EF /* CycleModel.swift */; };
		32567F691DB5769C009874EF /* GameDetailModel.swift in Sources */ = {isa = PBXBuildFile; fileRef = 32567F211DB5769C009874EF /* GameDetailModel.swift */; };
		32567F6A1DB5769C009874EF /* AmuseMenuView.swift in Sources */ = {isa = PBXBuildFile; fileRef = 32567F231DB5769C009874EF /* AmuseMenuView.swift */; };
		32567F6B1DB5769C009874EF /* AmuseMenuView.xib in Resources */ = {isa = PBXBuildFile; fileRef = 32567F241DB5769C009874EF /* AmuseMenuView.xib */; };
		32567F6C1DB5769C009874EF /* AmuseMenuViewCell.swift in Sources */ = {isa = PBXBuildFile; fileRef = 32567F251DB5769C009874EF /* AmuseMenuViewCell.swift */; };
		32567F6D1DB5769C009874EF /* AmuseMenuViewCell.xib in Resources */ = {isa = PBXBuildFile; fileRef = 32567F261DB5769C009874EF /* AmuseMenuViewCell.xib */; };
		32567F6E1DB5769C009874EF /* CollectionCycleCell.swift in Sources */ = {isa = PBXBuildFile; fileRef = 32567F271DB5769C009874EF /* CollectionCycleCell.swift */; };
		32567F6F1DB5769C009874EF /* CollectionCycleCell.xib in Resources */ = {isa = PBXBuildFile; fileRef = 32567F281DB5769C009874EF /* CollectionCycleCell.xib */; };
		32567F701DB5769C009874EF /* CollectionGameViewCell.swift in Sources */ = {isa = PBXBuildFile; fileRef = 32567F291DB5769C009874EF /* CollectionGameViewCell.swift */; };
		32567F711DB5769C009874EF /* CollectionGameViewCell.xib in Resources */ = {isa = PBXBuildFile; fileRef = 32567F2A1DB5769C009874EF /* CollectionGameViewCell.xib */; };
		32567F721DB5769C009874EF /* CollectionHeaderView.swift in Sources */ = {isa = PBXBuildFile; fileRef = 32567F2B1DB5769C009874EF /* CollectionHeaderView.swift */; };
		32567F731DB5769C009874EF /* CollectionHeaderView.xib in Resources */ = {isa = PBXBuildFile; fileRef = 32567F2C1DB5769C009874EF /* CollectionHeaderView.xib */; };
		32567F741DB5769C009874EF /* RecommendCycleView.swift in Sources */ = {isa = PBXBuildFile; fileRef = 32567F2D1DB5769C009874EF /* RecommendCycleView.swift */; };
		32567F751DB5769C009874EF /* RecommendCycleView.xib in Resources */ = {isa = PBXBuildFile; fileRef = 32567F2E1DB5769C009874EF /* RecommendCycleView.xib */; };
		32567F761DB5769C009874EF /* RecommendGameView.swift in Sources */ = {isa = PBXBuildFile; fileRef = 32567F2F1DB5769C009874EF /* RecommendGameView.swift */; };
		32567F771DB5769C009874EF /* RecommendGameView.xib in Resources */ = {isa = PBXBuildFile; fileRef = 32567F301DB5769C009874EF /* RecommendGameView.xib */; };
		32567F781DB5769C009874EF /* AmuseViewModel.swift in Sources */ = {isa = PBXBuildFile; fileRef = 32567F321DB5769C009874EF /* AmuseViewModel.swift */; };
		32567F791DB5769C009874EF /* FunnyViewModel.swift in Sources */ = {isa = PBXBuildFile; fileRef = 32567F331DB5769C009874EF /* FunnyViewModel.swift */; };
		32567F7A1DB5769C009874EF /* GameDetailViewModel.swift in Sources */ = {isa = PBXBuildFile; fileRef = 32567F341DB5769C009874EF /* GameDetailViewModel.swift */; };
		32567F7B1DB5769C009874EF /* RecommendViewModel.swift in Sources */ = {isa = PBXBuildFile; fileRef = 32567F351DB5769C009874EF /* RecommendViewModel.swift */; };
		32567F7C1DB5769C009874EF /* LiveViewController.swift in Sources */ = {isa = PBXBuildFile; fileRef = 32567F381DB5769C009874EF /* LiveViewController.swift */; };
		32567F7D1DB5769C009874EF /* LiveVideoViewController.swift in Sources */ = {isa = PBXBuildFile; fileRef = 32567F3E1DB5769C009874EF /* LiveVideoViewController.swift */; };
		32567F7E1DB5769C009874EF /* BaseAnchorViewController.swift in Sources */ = {isa = PBXBuildFile; fileRef = 32567F441DB5769C009874EF /* BaseAnchorViewController.swift */; };
		32567F7F1DB5769C009874EF /* BaseViewController.swift in Sources */ = {isa = PBXBuildFile; fileRef = 32567F451DB5769C009874EF /* BaseViewController.swift */; };
		32567F801DB5769C009874EF /* MainViewController.swift in Sources */ = {isa = PBXBuildFile; fileRef = 32567F461DB5769C009874EF /* MainViewController.swift */; };
		32567F811DB5769C009874EF /* AnchorGroupModel.swift in Sources */ = {isa = PBXBuildFile; fileRef = 32567F481DB5769C009874EF /* AnchorGroupModel.swift */; };
		32567F821DB5769C009874EF /* AnchorModel.swift in Sources */ = {isa = PBXBuildFile; fileRef = 32567F491DB5769C009874EF /* AnchorModel.swift */; };
		32567F831DB5769C009874EF /* BaseGameModel.swift in Sources */ = {isa = PBXBuildFile; fileRef = 32567F4A1DB5769C009874EF /* BaseGameModel.swift */; };
		32567F841DB5769C009874EF /* CollectionBaseCell.swift in Sources */ = {isa = PBXBuildFile; fileRef = 32567F4C1DB5769C009874EF /* CollectionBaseCell.swift */; };
		32567F851DB5769C009874EF /* CollectionNormalCell.swift in Sources */ = {isa = PBXBuildFile; fileRef = 32567F4D1DB5769C009874EF /* CollectionNormalCell.swift */; };
		32567F861DB5769C009874EF /* CollectionNormalCell.xib in Resources */ = {isa = PBXBuildFile; fileRef = 32567F4E1DB5769C009874EF /* CollectionNormalCell.xib */; };
		32567F871DB5769C009874EF /* CollectionPrettyCell.swift in Sources */ = {isa = PBXBuildFile; fileRef = 32567F4F1DB5769C009874EF /* CollectionPrettyCell.swift */; };
		32567F881DB5769C009874EF /* CollectionPrettyCell.xib in Resources */ = {isa = PBXBuildFile; fileRef = 32567F501DB5769C009874EF /* CollectionPrettyCell.xib */; };
		32567F891DB5769C009874EF /* PageContentView.swift in Sources */ = {isa = PBXBuildFile; fileRef = 32567F511DB5769C009874EF /* PageContentView.swift */; };
		32567F8A1DB5769C009874EF /* PageTitleView.swift in Sources */ = {isa = PBXBuildFile; fileRef = 32567F521DB5769C009874EF /* PageTitleView.swift */; };
		32567F8B1DB5769C009874EF /* BaseViewModel.swift in Sources */ = {isa = PBXBuildFile; fileRef = 32567F541DB5769C009874EF /* BaseViewModel.swift */; };
		32567F8C1DB5769C009874EF /* MineViewController.swift in Sources */ = {isa = PBXBuildFile; fileRef = 32567F571DB5769C009874EF /* MineViewController.swift */; };
		32567F8D1DB5769C009874EF /* Common.swift in Sources */ = {isa = PBXBuildFile; fileRef = 32567F5C1DB5769C009874EF /* Common.swift */; };
		32567F8E1DB5769C009874EF /* NSDate + Extension.swift in Sources */ = {isa = PBXBuildFile; fileRef = 32567F5E1DB5769C009874EF /* NSDate + Extension.swift */; };
		32567F8F1DB5769C009874EF /* UIBarButtonItem+Extension.swift in Sources */ = {isa = PBXBuildFile; fileRef = 32567F5F1DB5769C009874EF /* UIBarButtonItem+Extension.swift */; };
		32567F901DB5769C009874EF /* UIColor+Extension.swift in Sources */ = {isa = PBXBuildFile; fileRef = 32567F601DB5769C009874EF /* UIColor+Extension.swift */; };
		32567F911DB5769C009874EF /* NetworkTools.swift in Sources */ = {isa = PBXBuildFile; fileRef = 32567F611DB5769C009874EF /* NetworkTools.swift */; };
		EC3E7E8B125099B66EBB2026 /* Pods_DYTV_AlexanderZ_Swift.framework in Frameworks */ = {isa = PBXBuildFile; fileRef = 94EF451FECC04AD9FA861A8E /* Pods_DYTV_AlexanderZ_Swift.framework */; };
/* End PBXBuildFile section */

/* Begin PBXFileReference section */
		324D7DF11D95230D000087EC /* DYTV-AlexanderZ-Swift.app */ = {isa = PBXFileReference; explicitFileType = wrapper.application; includeInIndex = 0; path = "DYTV-AlexanderZ-Swift.app"; sourceTree = BUILT_PRODUCTS_DIR; };
		324D7DF41D95230D000087EC /* AppDelegate.swift */ = {isa = PBXFileReference; lastKnownFileType = sourcecode.swift; path = AppDelegate.swift; sourceTree = "<group>"; };
		324D7DFE1D95230D000087EC /* Base */ = {isa = PBXFileReference; lastKnownFileType = file.storyboard; name = Base; path = Base.lproj/LaunchScreen.storyboard; sourceTree = "<group>"; };
		324D7E001D95230D000087EC /* Info.plist */ = {isa = PBXFileReference; lastKnownFileType = text.plist.xml; path = Info.plist; sourceTree = "<group>"; };
		324D7E061D9523F4000087EC /* Images.xcassets */ = {isa = PBXFileReference; lastKnownFileType = folder.assetcatalog; path = Images.xcassets; sourceTree = "<group>"; };
		32567F141DB5769C009874EF /* FollowViewController.swift */ = {isa = PBXFileReference; fileEncoding = 4; lastKnownFileType = sourcecode.swift; path = FollowViewController.swift; sourceTree = "<group>"; };
		32567F1A1DB5769C009874EF /* AmuseViewController.swift */ = {isa = PBXFileReference; fileEncoding = 4; lastKnownFileType = sourcecode.swift; path = AmuseViewController.swift; sourceTree = "<group>"; };
		32567F1B1DB5769C009874EF /* FunnyViewController.swift */ = {isa = PBXFileReference; fileEncoding = 4; lastKnownFileType = sourcecode.swift; path = FunnyViewController.swift; sourceTree = "<group>"; };
		32567F1C1DB5769C009874EF /* GameViewController.swift */ = {isa = PBXFileReference; fileEncoding = 4; lastKnownFileType = sourcecode.swift; path = GameViewController.swift; sourceTree = "<group>"; };
		32567F1D1DB5769C009874EF /* HomeViewController.swift */ = {isa = PBXFileReference; fileEncoding = 4; lastKnownFileType = sourcecode.swift; path = HomeViewController.swift; sourceTree = "<group>"; };
		32567F1E1DB5769C009874EF /* RecommendViewController.swift */ = {isa = PBXFileReference; fileEncoding = 4; lastKnownFileType = sourcecode.swift; path = RecommendViewController.swift; sourceTree = "<group>"; };
		32567F201DB5769C009874EF /* CycleModel.swift */ = {isa = PBXFileReference; fileEncoding = 4; lastKnownFileType = sourcecode.swift; path = CycleModel.swift; sourceTree = "<group>"; };
		32567F211DB5769C009874EF /* GameDetailModel.swift */ = {isa = PBXFileReference; fileEncoding = 4; lastKnownFileType = sourcecode.swift; path = GameDetailModel.swift; sourceTree = "<group>"; };
		32567F231DB5769C009874EF /* AmuseMenuView.swift */ = {isa = PBXFileReference; fileEncoding = 4; lastKnownFileType = sourcecode.swift; path = AmuseMenuView.swift; sourceTree = "<group>"; };
		32567F241DB5769C009874EF /* AmuseMenuView.xib */ = {isa = PBXFileReference; fileEncoding = 4; lastKnownFileType = file.xib; path = AmuseMenuView.xib; sourceTree = "<group>"; };
		32567F251DB5769C009874EF /* AmuseMenuViewCell.swift */ = {isa = PBXFileReference; fileEncoding = 4; lastKnownFileType = sourcecode.swift; path = AmuseMenuViewCell.swift; sourceTree = "<group>"; };
		32567F261DB5769C009874EF /* AmuseMenuViewCell.xib */ = {isa = PBXFileReference; fileEncoding = 4; lastKnownFileType = file.xib; path = AmuseMenuViewCell.xib; sourceTree = "<group>"; };
		32567F271DB5769C009874EF /* CollectionCycleCell.swift */ = {isa = PBXFileReference; fileEncoding = 4; lastKnownFileType = sourcecode.swift; path = CollectionCycleCell.swift; sourceTree = "<group>"; };
		32567F281DB5769C009874EF /* CollectionCycleCell.xib */ = {isa = PBXFileReference; fileEncoding = 4; lastKnownFileType = file.xib; path = CollectionCycleCell.xib; sourceTree = "<group>"; };
		32567F291DB5769C009874EF /* CollectionGameViewCell.swift */ = {isa = PBXFileReference; fileEncoding = 4; lastKnownFileType = sourcecode.swift; path = CollectionGameViewCell.swift; sourceTree = "<group>"; };
		32567F2A1DB5769C009874EF /* CollectionGameViewCell.xib */ = {isa = PBXFileReference; fileEncoding = 4; lastKnownFileType = file.xib; path = CollectionGameViewCell.xib; sourceTree = "<group>"; };
		32567F2B1DB5769C009874EF /* CollectionHeaderView.swift */ = {isa = PBXFileReference; fileEncoding = 4; lastKnownFileType = sourcecode.swift; path = CollectionHeaderView.swift; sourceTree = "<group>"; };
		32567F2C1DB5769C009874EF /* CollectionHeaderView.xib */ = {isa = PBXFileReference; fileEncoding = 4; lastKnownFileType = file.xib; path = CollectionHeaderView.xib; sourceTree = "<group>"; };
		32567F2D1DB5769C009874EF /* RecommendCycleView.swift */ = {isa = PBXFileReference; fileEncoding = 4; lastKnownFileType = sourcecode.swift; path = RecommendCycleView.swift; sourceTree = "<group>"; };
		32567F2E1DB5769C009874EF /* RecommendCycleView.xib */ = {isa = PBXFileReference; fileEncoding = 4; lastKnownFileType = file.xib; path = RecommendCycleView.xib; sourceTree = "<group>"; };
		32567F2F1DB5769C009874EF /* RecommendGameView.swift */ = {isa = PBXFileReference; fileEncoding = 4; lastKnownFileType = sourcecode.swift; path = RecommendGameView.swift; sourceTree = "<group>"; };
		32567F301DB5769C009874EF /* RecommendGameView.xib */ = {isa = PBXFileReference; fileEncoding = 4; lastKnownFileType = file.xib; path = RecommendGameView.xib; sourceTree = "<group>"; };
		32567F321DB5769C009874EF /* AmuseViewModel.swift */ = {isa = PBXFileReference; fileEncoding = 4; lastKnownFileType = sourcecode.swift; path = AmuseViewModel.swift; sourceTree = "<group>"; };
		32567F331DB5769C009874EF /* FunnyViewModel.swift */ = {isa = PBXFileReference; fileEncoding = 4; lastKnownFileType = sourcecode.swift; path = FunnyViewModel.swift; sourceTree = "<group>"; };
		32567F341DB5769C009874EF /* GameDetailViewModel.swift */ = {isa = PBXFileReference; fileEncoding = 4; lastKnownFileType = sourcecode.swift; path = GameDetailViewModel.swift; sourceTree = "<group>"; };
		32567F351DB5769C009874EF /* RecommendViewModel.swift */ = {isa = PBXFileReference; fileEncoding = 4; lastKnownFileType = sourcecode.swift; path = RecommendViewModel.swift; sourceTree = "<group>"; };
		32567F381DB5769C009874EF /* LiveViewController.swift */ = {isa = PBXFileReference; fileEncoding = 4; lastKnownFileType = sourcecode.swift; path = LiveViewController.swift; sourceTree = "<group>"; };
		32567F3E1DB5769C009874EF /* LiveVideoViewController.swift */ = {isa = PBXFileReference; fileEncoding = 4; lastKnownFileType = sourcecode.swift; path = LiveVideoViewController.swift; sourceTree = "<group>"; };
		32567F441DB5769C009874EF /* BaseAnchorViewController.swift */ = {isa = PBXFileReference; fileEncoding = 4; lastKnownFileType = sourcecode.swift; path = BaseAnchorViewController.swift; sourceTree = "<group>"; };
		32567F451DB5769C009874EF /* BaseViewController.swift */ = {isa = PBXFileReference; fileEncoding = 4; lastKnownFileType = sourcecode.swift; path = BaseViewController.swift; sourceTree = "<group>"; };
		32567F461DB5769C009874EF /* MainViewController.swift */ = {isa = PBXFileReference; fileEncoding = 4; lastKnownFileType = sourcecode.swift; path = MainViewController.swift; sourceTree = "<group>"; };
		32567F481DB5769C009874EF /* AnchorGroupModel.swift */ = {isa = PBXFileReference; fileEncoding = 4; lastKnownFileType = sourcecode.swift; path = AnchorGroupModel.swift; sourceTree = "<group>"; };
		32567F491DB5769C009874EF /* AnchorModel.swift */ = {isa = PBXFileReference; fileEncoding = 4; lastKnownFileType = sourcecode.swift; path = AnchorModel.swift; sourceTree = "<group>"; };
		32567F4A1DB5769C009874EF /* BaseGameModel.swift */ = {isa = PBXFileReference; fileEncoding = 4; lastKnownFileType = sourcecode.swift; path = BaseGameModel.swift; sourceTree = "<group>"; };
		32567F4C1DB5769C009874EF /* CollectionBaseCell.swift */ = {isa = PBXFileReference; fileEncoding = 4; lastKnownFileType = sourcecode.swift; path = CollectionBaseCell.swift; sourceTree = "<group>"; };
		32567F4D1DB5769C009874EF /* CollectionNormalCell.swift */ = {isa = PBXFileReference; fileEncoding = 4; lastKnownFileType = sourcecode.swift; path = CollectionNormalCell.swift; sourceTree = "<group>"; };
		32567F4E1DB5769C009874EF /* CollectionNormalCell.xib */ = {isa = PBXFileReference; fileEncoding = 4; lastKnownFileType = file.xib; path = CollectionNormalCell.xib; sourceTree = "<group>"; };
		32567F4F1DB5769C009874EF /* CollectionPrettyCell.swift */ = {isa = PBXFileReference; fileEncoding = 4; lastKnownFileType = sourcecode.swift; path = CollectionPrettyCell.swift; sourceTree = "<group>"; };
		32567F501DB5769C009874EF /* CollectionPrettyCell.xib */ = {isa = PBXFileReference; fileEncoding = 4; lastKnownFileType = file.xib; path = CollectionPrettyCell.xib; sourceTree = "<group>"; };
		32567F511DB5769C009874EF /* PageContentView.swift */ = {isa = PBXFileReference; fileEncoding = 4; lastKnownFileType = sourcecode.swift; path = PageContentView.swift; sourceTree = "<group>"; };
		32567F521DB5769C009874EF /* PageTitleView.swift */ = {isa = PBXFileReference; fileEncoding = 4; lastKnownFileType = sourcecode.swift; path = PageTitleView.swift; sourceTree = "<group>"; };
		32567F541DB5769C009874EF /* BaseViewModel.swift */ = {isa = PBXFileReference; fileEncoding = 4; lastKnownFileType = sourcecode.swift; path = BaseViewModel.swift; sourceTree = "<group>"; };
		32567F571DB5769C009874EF /* MineViewController.swift */ = {isa = PBXFileReference; fileEncoding = 4; lastKnownFileType = sourcecode.swift; path = MineViewController.swift; sourceTree = "<group>"; };
		32567F5C1DB5769C009874EF /* Common.swift */ = {isa = PBXFileReference; fileEncoding = 4; lastKnownFileType = sourcecode.swift; path = Common.swift; sourceTree = "<group>"; };
		32567F5E1DB5769C009874EF /* NSDate + Extension.swift */ = {isa = PBXFileReference; fileEncoding = 4; lastKnownFileType = sourcecode.swift; path = "NSDate + Extension.swift"; sourceTree = "<group>"; };
		32567F5F1DB5769C009874EF /* UIBarButtonItem+Extension.swift */ = {isa = PBXFileReference; fileEncoding = 4; lastKnownFileType = sourcecode.swift; path = "UIBarButtonItem+Extension.swift"; sourceTree = "<group>"; };
		32567F601DB5769C009874EF /* UIColor+Extension.swift */ = {isa = PBXFileReference; fileEncoding = 4; lastKnownFileType = sourcecode.swift; path = "UIColor+Extension.swift"; sourceTree = "<group>"; };
		32567F611DB5769C009874EF /* NetworkTools.swift */ = {isa = PBXFileReference; fileEncoding = 4; lastKnownFileType = sourcecode.swift; path = NetworkTools.swift; sourceTree = "<group>"; };
		94EF451FECC04AD9FA861A8E /* Pods_DYTV_AlexanderZ_Swift.framework */ = {isa = PBXFileReference; explicitFileType = wrapper.framework; includeInIndex = 0; path = Pods_DYTV_AlexanderZ_Swift.framework; sourceTree = BUILT_PRODUCTS_DIR; };
		99A03E915D381BF6CC7821EF /* Pods-DYTV-AlexanderZ-Swift.debug.xcconfig */ = {isa = PBXFileReference; includeInIndex = 1; lastKnownFileType = text.xcconfig; name = "Pods-DYTV-AlexanderZ-Swift.debug.xcconfig"; path = "Pods/Target Support Files/Pods-DYTV-AlexanderZ-Swift/Pods-DYTV-AlexanderZ-Swift.debug.xcconfig"; sourceTree = "<group>"; };
		A08BA59364DCCB4CFFBFE04B /* Pods-DYTV-AlexanderZ-Swift.release.xcconfig */ = {isa = PBXFileReference; includeInIndex = 1; lastKnownFileType = text.xcconfig; name = "Pods-DYTV-AlexanderZ-Swift.release.xcconfig"; path = "Pods/Target Support Files/Pods-DYTV-AlexanderZ-Swift/Pods-DYTV-AlexanderZ-Swift.release.xcconfig"; sourceTree = "<group>"; };
/* End PBXFileReference section */

/* Begin PBXFrameworksBuildPhase section */
		324D7DEE1D95230D000087EC /* Frameworks */ = {
			isa = PBXFrameworksBuildPhase;
			buildActionMask = 2147483647;
			files = (
				EC3E7E8B125099B66EBB2026 /* Pods_DYTV_AlexanderZ_Swift.framework in Frameworks */,
			);
			runOnlyForDeploymentPostprocessing = 0;
		};
/* End PBXFrameworksBuildPhase section */

/* Begin PBXGroup section */
		14685AAA591DD5EBDEB56B38 /* Pods */ = {
			isa = PBXGroup;
			children = (
				99A03E915D381BF6CC7821EF /* Pods-DYTV-AlexanderZ-Swift.debug.xcconfig */,
				A08BA59364DCCB4CFFBFE04B /* Pods-DYTV-AlexanderZ-Swift.release.xcconfig */,
			);
			name = Pods;
			sourceTree = "<group>";
		};
		324D7DE81D95230D000087EC = {
			isa = PBXGroup;
			children = (
				324D7DF31D95230D000087EC /* DYTV-AlexanderZ-Swift */,
				324D7DF21D95230D000087EC /* Products */,
				14685AAA591DD5EBDEB56B38 /* Pods */,
				E9AED66782DA0BBBCAC2EBAE /* Frameworks */,
			);
			sourceTree = "<group>";
		};
		324D7DF21D95230D000087EC /* Products */ = {
			isa = PBXGroup;
			children = (
				324D7DF11D95230D000087EC /* DYTV-AlexanderZ-Swift.app */,
			);
			name = Products;
			sourceTree = "<group>";
		};
		324D7DF31D95230D000087EC /* DYTV-AlexanderZ-Swift */ = {
			isa = PBXGroup;
			children = (
				32567F111DB5769C009874EF /* Classes */,
				324D7DF41D95230D000087EC /* AppDelegate.swift */,
				324D7DFD1D95230D000087EC /* LaunchScreen.storyboard */,
				324D7E001D95230D000087EC /* Info.plist */,
				324D7E061D9523F4000087EC /* Images.xcassets */,
			);
			path = "DYTV-AlexanderZ-Swift";
			sourceTree = "<group>";
		};
		32567F111DB5769C009874EF /* Classes */ = {
			isa = PBXGroup;
			children = (
				32567F421DB5769C009874EF /* Main(主框架) */,
				32567F181DB5769C009874EF /* Home(首页) */,
				32567F121DB5769C009874EF /* Follow(关注) */,
				32567F361DB5769C009874EF /* Live(直播) */,
				32567F3C1DB5769C009874EF /* LiveVideo(直播页) */,
				32567F551DB5769C009874EF /* Mine(我的) */,
				32567F5B1DB5769C009874EF /* Tools(工具类) */,
			);
			path = Classes;
			sourceTree = "<group>";
		};
		32567F121DB5769C009874EF /* Follow(关注) */ = {
			isa = PBXGroup;
			children = (
				32567F131DB5769C009874EF /* Controller */,
				32567F151DB5769C009874EF /* Model */,
				32567F161DB5769C009874EF /* View */,
				32567F171DB5769C009874EF /* ViewModel */,
			);
			path = "Follow(关注)";
			sourceTree = "<group>";
		};
		32567F131DB5769C009874EF /* Controller */ = {
			isa = PBXGroup;
			children = (
				32567F141DB5769C009874EF /* FollowViewController.swift */,
			);
			path = Controller;
			sourceTree = "<group>";
		};
		32567F151DB5769C009874EF /* Model */ = {
			isa = PBXGroup;
			children = (
			);
			path = Model;
			sourceTree = "<group>";
		};
		32567F161DB5769C009874EF /* View */ = {
			isa = PBXGroup;
			children = (
			);
			path = View;
			sourceTree = "<group>";
		};
		32567F171DB5769C009874EF /* ViewModel */ = {
			isa = PBXGroup;
			children = (
			);
			path = ViewModel;
			sourceTree = "<group>";
		};
		32567F181DB5769C009874EF /* Home(首页) */ = {
			isa = PBXGroup;
			children = (
				32567F191DB5769C009874EF /* Controller */,
				32567F1F1DB5769C009874EF /* Model */,
				32567F221DB5769C009874EF /* View */,
				32567F311DB5769C009874EF /* ViewModel */,
			);
			path = "Home(首页)";
			sourceTree = "<group>";
		};
		32567F191DB5769C009874EF /* Controller */ = {
			isa = PBXGroup;
			children = (
				32567F1A1DB5769C009874EF /* AmuseViewController.swift */,
				32567F1B1DB5769C009874EF /* FunnyViewController.swift */,
				32567F1C1DB5769C009874EF /* GameViewController.swift */,
				32567F1D1DB5769C009874EF /* HomeViewController.swift */,
				32567F1E1DB5769C009874EF /* RecommendViewController.swift */,
			);
			path = Controller;
			sourceTree = "<group>";
		};
		32567F1F1DB5769C009874EF /* Model */ = {
			isa = PBXGroup;
			children = (
				32567F201DB5769C009874EF /* CycleModel.swift */,
				32567F211DB5769C009874EF /* GameDetailModel.swift */,
			);
			path = Model;
			sourceTree = "<group>";
		};
		32567F221DB5769C009874EF /* View */ = {
			isa = PBXGroup;
			children = (
				32567F231DB5769C009874EF /* AmuseMenuView.swift */,
				32567F241DB5769C009874EF /* AmuseMenuView.xib */,
				32567F251DB5769C009874EF /* AmuseMenuViewCell.swift */,
				32567F261DB5769C009874EF /* AmuseMenuViewCell.xib */,
				32567F271DB5769C009874EF /* CollectionCycleCell.swift */,
				32567F281DB5769C009874EF /* CollectionCycleCell.xib */,
				32567F291DB5769C009874EF /* CollectionGameViewCell.swift */,
				32567F2A1DB5769C009874EF /* CollectionGameViewCell.xib */,
				32567F2B1DB5769C009874EF /* CollectionHeaderView.swift */,
				32567F2C1DB5769C009874EF /* CollectionHeaderView.xib */,
				32567F2D1DB5769C009874EF /* RecommendCycleView.swift */,
				32567F2E1DB5769C009874EF /* RecommendCycleView.xib */,
				32567F2F1DB5769C009874EF /* RecommendGameView.swift */,
				32567F301DB5769C009874EF /* RecommendGameView.xib */,
			);
			path = View;
			sourceTree = "<group>";
		};
		32567F311DB5769C009874EF /* ViewModel */ = {
			isa = PBXGroup;
			children = (
				32567F321DB5769C009874EF /* AmuseViewModel.swift */,
				32567F331DB5769C009874EF /* FunnyViewModel.swift */,
				32567F341DB5769C009874EF /* GameDetailViewModel.swift */,
				32567F351DB5769C009874EF /* RecommendViewModel.swift */,
			);
			path = ViewModel;
			sourceTree = "<group>";
		};
		32567F361DB5769C009874EF /* Live(直播) */ = {
			isa = PBXGroup;
			children = (
				32567F371DB5769C009874EF /* Controller */,
				32567F391DB5769C009874EF /* Model */,
				32567F3A1DB5769C009874EF /* View */,
				32567F3B1DB5769C009874EF /* ViewModel */,
			);
			path = "Live(直播)";
			sourceTree = "<group>";
		};
		32567F371DB5769C009874EF /* Controller */ = {
			isa = PBXGroup;
			children = (
				32567F381DB5769C009874EF /* LiveViewController.swift */,
			);
			path = Controller;
			sourceTree = "<group>";
		};
		32567F391DB5769C009874EF /* Model */ = {
			isa = PBXGroup;
			children = (
			);
			path = Model;
			sourceTree = "<group>";
		};
		32567F3A1DB5769C009874EF /* View */ = {
			isa = PBXGroup;
			children = (
			);
			path = View;
			sourceTree = "<group>";
		};
		32567F3B1DB5769C009874EF /* ViewModel */ = {
			isa = PBXGroup;
			children = (
			);
			path = ViewModel;
			sourceTree = "<group>";
		};
		32567F3C1DB5769C009874EF /* LiveVideo(直播页) */ = {
			isa = PBXGroup;
			children = (
				32567F3D1DB5769C009874EF /* Controller */,
				32567F3F1DB5769C009874EF /* Model */,
				32567F401DB5769C009874EF /* View */,
				32567F411DB5769C009874EF /* ViewModel */,
			);
			path = "LiveVideo(直播页)";
			sourceTree = "<group>";
		};
		32567F3D1DB5769C009874EF /* Controller */ = {
			isa = PBXGroup;
			children = (
				32567F3E1DB5769C009874EF /* LiveVideoViewController.swift */,
			);
			path = Controller;
			sourceTree = "<group>";
		};
		32567F3F1DB5769C009874EF /* Model */ = {
			isa = PBXGroup;
			children = (
			);
			path = Model;
			sourceTree = "<group>";
		};
		32567F401DB5769C009874EF /* View */ = {
			isa = PBXGroup;
			children = (
			);
			path = View;
			sourceTree = "<group>";
		};
		32567F411DB5769C009874EF /* ViewModel */ = {
			isa = PBXGroup;
			children = (
			);
			path = ViewModel;
			sourceTree = "<group>";
		};
		32567F421DB5769C009874EF /* Main(主框架) */ = {
			isa = PBXGroup;
			children = (
				32567F431DB5769C009874EF /* Controller */,
				32567F471DB5769C009874EF /* Model */,
				32567F4B1DB5769C009874EF /* View */,
				32567F531DB5769C009874EF /* ViewModel */,
			);
			path = "Main(主框架)";
			sourceTree = "<group>";
		};
		32567F431DB5769C009874EF /* Controller */ = {
			isa = PBXGroup;
			children = (
				32567F441DB5769C009874EF /* BaseAnchorViewController.swift */,
				32567F451DB5769C009874EF /* BaseViewController.swift */,
				32567F461DB5769C009874EF /* MainViewController.swift */,
			);
			path = Controller;
			sourceTree = "<group>";
		};
		32567F471DB5769C009874EF /* Model */ = {
			isa = PBXGroup;
			children = (
				32567F481DB5769C009874EF /* AnchorGroupModel.swift */,
				32567F491DB5769C009874EF /* AnchorModel.swift */,
				32567F4A1DB5769C009874EF /* BaseGameModel.swift */,
			);
			path = Model;
			sourceTree = "<group>";
		};
		32567F4B1DB5769C009874EF /* View */ = {
			isa = PBXGroup;
			children = (
				32567F4C1DB5769C009874EF /* CollectionBaseCell.swift */,
				32567F4D1DB5769C009874EF /* CollectionNormalCell.swift */,
				32567F4E1DB5769C009874EF /* CollectionNormalCell.xib */,
				32567F4F1DB5769C009874EF /* CollectionPrettyCell.swift */,
				32567F501DB5769C009874EF /* CollectionPrettyCell.xib */,
				32567F511DB5769C009874EF /* PageContentView.swift */,
				32567F521DB5769C009874EF /* PageTitleView.swift */,
			);
			path = View;
			sourceTree = "<group>";
		};
		32567F531DB5769C009874EF /* ViewModel */ = {
			isa = PBXGroup;
			children = (
				32567F541DB5769C009874EF /* BaseViewModel.swift */,
			);
			path = ViewModel;
			sourceTree = "<group>";
		};
		32567F551DB5769C009874EF /* Mine(我的) */ = {
			isa = PBXGroup;
			children = (
				32567F561DB5769C009874EF /* Controller */,
				32567F581DB5769C009874EF /* Model */,
				32567F591DB5769C009874EF /* View */,
				32567F5A1DB5769C009874EF /* ViewModel */,
			);
			path = "Mine(我的)";
			sourceTree = "<group>";
		};
		32567F561DB5769C009874EF /* Controller */ = {
			isa = PBXGroup;
			children = (
				32567F571DB5769C009874EF /* MineViewController.swift */,
			);
			path = Controller;
			sourceTree = "<group>";
		};
		32567F581DB5769C009874EF /* Model */ = {
			isa = PBXGroup;
			children = (
			);
			path = Model;
			sourceTree = "<group>";
		};
		32567F591DB5769C009874EF /* View */ = {
			isa = PBXGroup;
			children = (
			);
			path = View;
			sourceTree = "<group>";
		};
		32567F5A1DB5769C009874EF /* ViewModel */ = {
			isa = PBXGroup;
			children = (
			);
			path = ViewModel;
			sourceTree = "<group>";
		};
		32567F5B1DB5769C009874EF /* Tools(工具类) */ = {
			isa = PBXGroup;
			children = (
				32567F5D1DB5769C009874EF /* Extension */,
				32567F611DB5769C009874EF /* NetworkTools.swift */,
				32567F5C1DB5769C009874EF /* Common.swift */,
			);
			path = "Tools(工具类)";
			sourceTree = "<group>";
		};
		32567F5D1DB5769C009874EF /* Extension */ = {
			isa = PBXGroup;
			children = (
				32567F5E1DB5769C009874EF /* NSDate + Extension.swift */,
				32567F5F1DB5769C009874EF /* UIBarButtonItem+Extension.swift */,
				32567F601DB5769C009874EF /* UIColor+Extension.swift */,
			);
			path = Extension;
			sourceTree = "<group>";
		};
		E9AED66782DA0BBBCAC2EBAE /* Frameworks */ = {
			isa = PBXGroup;
			children = (
				94EF451FECC04AD9FA861A8E /* Pods_DYTV_AlexanderZ_Swift.framework */,
			);
			name = Frameworks;
			sourceTree = "<group>";
		};
/* End PBXGroup section */

/* Begin PBXNativeTarget section */
		324D7DF01D95230D000087EC /* DYTV-AlexanderZ-Swift */ = {
			isa = PBXNativeTarget;
			buildConfigurationList = 324D7E031D95230D000087EC /* Build configuration list for PBXNativeTarget "DYTV-AlexanderZ-Swift" */;
			buildPhases = (
				E7523D24DAD43DF8CABD26B6 /* [CP] Check Pods Manifest.lock */,
				324D7DED1D95230D000087EC /* Sources */,
				324D7DEE1D95230D000087EC /* Frameworks */,
				324D7DEF1D95230D000087EC /* Resources */,
				530B24EBC385583B7C2DDD13 /* [CP] Embed Pods Frameworks */,
				89AAB0ACA22F61ACE8613905 /* [CP] Copy Pods Resources */,
			);
			buildRules = (
			);
			dependencies = (
			);
			name = "DYTV-AlexanderZ-Swift";
			productName = "DYTV-AlexanderZ-Swift";
			productReference = 324D7DF11D95230D000087EC /* DYTV-AlexanderZ-Swift.app */;
			productType = "com.apple.product-type.application";
		};
/* End PBXNativeTarget section */

/* Begin PBXProject section */
		324D7DE91D95230D000087EC /* Project object */ = {
			isa = PBXProject;
			attributes = {
				LastSwiftUpdateCheck = 0730;
				LastUpgradeCheck = 0800;
				ORGANIZATIONNAME = "Alexander Zou";
				TargetAttributes = {
					324D7DF01D95230D000087EC = {
						CreatedOnToolsVersion = 7.3.1;
						DevelopmentTeam = MDG236NNW7;
						LastSwiftMigration = 0800;
						ProvisioningStyle = Automatic;
					};
				};
			};
			buildConfigurationList = 324D7DEC1D95230D000087EC /* Build configuration list for PBXProject "DYTV-AlexanderZ-Swift" */;
			compatibilityVersion = "Xcode 3.2";
			developmentRegion = English;
			hasScannedForEncodings = 0;
			knownRegions = (
				en,
				Base,
			);
			mainGroup = 324D7DE81D95230D000087EC;
			productRefGroup = 324D7DF21D95230D000087EC /* Products */;
			projectDirPath = "";
			projectRoot = "";
			targets = (
				324D7DF01D95230D000087EC /* DYTV-AlexanderZ-Swift */,
			);
		};
/* End PBXProject section */

/* Begin PBXResourcesBuildPhase section */
		324D7DEF1D95230D000087EC /* Resources */ = {
			isa = PBXResourcesBuildPhase;
			buildActionMask = 2147483647;
			files = (
				32567F711DB5769C009874EF /* CollectionGameViewCell.xib in Resources */,
				324D7E071D9523F4000087EC /* Images.xcassets in Resources */,
				32567F861DB5769C009874EF /* CollectionNormalCell.xib in Resources */,
				32567F6D1DB5769C009874EF /* AmuseMenuViewCell.xib in Resources */,
				32567F731DB5769C009874EF /* CollectionHeaderView.xib in Resources */,
				32567F751DB5769C009874EF /* RecommendCycleView.xib in Resources */,
				32567F771DB5769C009874EF /* RecommendGameView.xib in Resources */,
				324D7DFF1D95230D000087EC /* LaunchScreen.storyboard in Resources */,
				32567F881DB5769C009874EF /* CollectionPrettyCell.xib in Resources */,
				32567F6F1DB5769C009874EF /* CollectionCycleCell.xib in Resources */,
				32567F6B1DB5769C009874EF /* AmuseMenuView.xib in Resources */,
			);
			runOnlyForDeploymentPostprocessing = 0;
		};
/* End PBXResourcesBuildPhase section */

/* Begin PBXShellScriptBuildPhase section */
		530B24EBC385583B7C2DDD13 /* [CP] Embed Pods Frameworks */ = {
			isa = PBXShellScriptBuildPhase;
			buildActionMask = 2147483647;
			files = (
			);
			inputPaths = (
			);
			name = "[CP] Embed Pods Frameworks";
			outputPaths = (
			);
			runOnlyForDeploymentPostprocessing = 0;
			shellPath = /bin/sh;
			shellScript = "\"${SRCROOT}/Pods/Target Support Files/Pods-DYTV-AlexanderZ-Swift/Pods-DYTV-AlexanderZ-Swift-frameworks.sh\"\n";
			showEnvVarsInLog = 0;
		};
		89AAB0ACA22F61ACE8613905 /* [CP] Copy Pods Resources */ = {
			isa = PBXShellScriptBuildPhase;
			buildActionMask = 2147483647;
			files = (
			);
			inputPaths = (
			);
			name = "[CP] Copy Pods Resources";
			outputPaths = (
			);
			runOnlyForDeploymentPostprocessing = 0;
			shellPath = /bin/sh;
			shellScript = "\"${SRCROOT}/Pods/Target Support Files/Pods-DYTV-AlexanderZ-Swift/Pods-DYTV-AlexanderZ-Swift-resources.sh\"\n";
			showEnvVarsInLog = 0;
		};
		E7523D24DAD43DF8CABD26B6 /* [CP] Check Pods Manifest.lock */ = {
			isa = PBXShellScriptBuildPhase;
			buildActionMask = 2147483647;
			files = (
			);
			inputPaths = (
			);
			name = "[CP] Check Pods Manifest.lock";
			outputPaths = (
			);
			runOnlyForDeploymentPostprocessing = 0;
			shellPath = /bin/sh;
			shellScript = "diff \"${PODS_ROOT}/../Podfile.lock\" \"${PODS_ROOT}/Manifest.lock\" > /dev/null\nif [[ $? != 0 ]] ; then\n    cat << EOM\nerror: The sandbox is not in sync with the Podfile.lock. Run 'pod install' or update your CocoaPods installation.\nEOM\n    exit 1\nfi\n";
			showEnvVarsInLog = 0;
		};
/* End PBXShellScriptBuildPhase section */

/* Begin PBXSourcesBuildPhase section */
		324D7DED1D95230D000087EC /* Sources */ = {
			isa = PBXSourcesBuildPhase;
			buildActionMask = 2147483647;
			files = (
				32567F7D1DB5769C009874EF /* LiveVideoViewController.swift in Sources */,
				32567F651DB5769C009874EF /* GameViewController.swift in Sources */,
				32567F761DB5769C009874EF /* RecommendGameView.swift in Sources */,
				32567F891DB5769C009874EF /* PageContentView.swift in Sources */,
				32567F8D1DB5769C009874EF /* Common.swift in Sources */,
				32567F631DB5769C009874EF /* AmuseViewController.swift in Sources */,
				32567F851DB5769C009874EF /* CollectionNormalCell.swift in Sources */,
				32567F831DB5769C009874EF /* BaseGameModel.swift in Sources */,
				32567F811DB5769C009874EF /* AnchorGroupModel.swift in Sources */,
				32567F781DB5769C009874EF /* AmuseViewModel.swift in Sources */,
				32567F7F1DB5769C009874EF /* BaseViewController.swift in Sources */,
				32567F821DB5769C009874EF /* AnchorModel.swift in Sources */,
				32567F671DB5769C009874EF /* RecommendViewController.swift in Sources */,
				32567F8A1DB5769C009874EF /* PageTitleView.swift in Sources */,
				324D7DF51D95230D000087EC /* AppDelegate.swift in Sources */,
				32567F681DB5769C009874EF /* CycleModel.swift in Sources */,
				32567F691DB5769C009874EF /* GameDetailModel.swift in Sources */,
				32567F7E1DB5769C009874EF /* BaseAnchorViewController.swift in Sources */,
				32567F621DB5769C009874EF /* FollowViewController.swift in Sources */,
				32567F6A1DB5769C009874EF /* AmuseMenuView.swift in Sources */,
				32567F8B1DB5769C009874EF /* BaseViewModel.swift in Sources */,
				32567F6E1DB5769C009874EF /* CollectionCycleCell.swift in Sources */,
				32567F801DB5769C009874EF /* MainViewController.swift in Sources */,
				32567F701DB5769C009874EF /* CollectionGameViewCell.swift in Sources */,
				32567F641DB5769C009874EF /* FunnyViewController.swift in Sources */,
				32567F8C1DB5769C009874EF /* MineViewController.swift in Sources */,
				32567F7B1DB5769C009874EF /* RecommendViewModel.swift in Sources */,
				32567F791DB5769C009874EF /* FunnyViewModel.swift in Sources */,
				32567F741DB5769C009874EF /* RecommendCycleView.swift in Sources */,
				32567F7C1DB5769C009874EF /* LiveViewController.swift in Sources */,
				32567F8E1DB5769C009874EF /* NSDate + Extension.swift in Sources */,
				32567F721DB5769C009874EF /* CollectionHeaderView.swift in Sources */,
				32567F911DB5769C009874EF /* NetworkTools.swift in Sources */,
				32567F8F1DB5769C009874EF /* UIBarButtonItem+Extension.swift in Sources */,
				32567F661DB5769C009874EF /* HomeViewController.swift in Sources */,
				32567F7A1DB5769C009874EF /* GameDetailViewModel.swift in Sources */,
				32567F841DB5769C009874EF /* CollectionBaseCell.swift in Sources */,
				32567F901DB5769C009874EF /* UIColor+Extension.swift in Sources */,
				32567F871DB5769C009874EF /* CollectionPrettyCell.swift in Sources */,
				32567F6C1DB5769C009874EF /* AmuseMenuViewCell.swift in Sources */,
			);
			runOnlyForDeploymentPostprocessing = 0;
		};
/* End PBXSourcesBuildPhase section */

/* Begin PBXVariantGroup section */
		324D7DFD1D95230D000087EC /* LaunchScreen.storyboard */ = {
			isa = PBXVariantGroup;
			children = (
				324D7DFE1D95230D000087EC /* Base */,
			);
			name = LaunchScreen.storyboard;
			sourceTree = "<group>";
		};
/* End PBXVariantGroup section */

/* Begin XCBuildConfiguration section */
		324D7E011D95230D000087EC /* Debug */ = {
			isa = XCBuildConfiguration;
			buildSettings = {
				ALWAYS_SEARCH_USER_PATHS = NO;
				CLANG_ANALYZER_NONNULL = YES;
				CLANG_CXX_LANGUAGE_STANDARD = "gnu++0x";
				CLANG_CXX_LIBRARY = "libc++";
				CLANG_ENABLE_MODULES = YES;
				CLANG_ENABLE_OBJC_ARC = YES;
				CLANG_WARN_BOOL_CONVERSION = YES;
				CLANG_WARN_CONSTANT_CONVERSION = YES;
				CLANG_WARN_DIRECT_OBJC_ISA_USAGE = YES_ERROR;
				CLANG_WARN_EMPTY_BODY = YES;
				CLANG_WARN_ENUM_CONVERSION = YES;
				CLANG_WARN_INFINITE_RECURSION = YES;
				CLANG_WARN_INT_CONVERSION = YES;
				CLANG_WARN_OBJC_ROOT_CLASS = YES_ERROR;
				CLANG_WARN_SUSPICIOUS_MOVE = YES;
				CLANG_WARN_UNREACHABLE_CODE = YES;
				CLANG_WARN__DUPLICATE_METHOD_MATCH = YES;
				"CODE_SIGN_IDENTITY[sdk=iphoneos*]" = "iPhone Developer";
				COPY_PHASE_STRIP = NO;
				DEBUG_INFORMATION_FORMAT = dwarf;
				ENABLE_STRICT_OBJC_MSGSEND = YES;
				ENABLE_TESTABILITY = YES;
				GCC_C_LANGUAGE_STANDARD = gnu99;
				GCC_DYNAMIC_NO_PIC = NO;
				GCC_NO_COMMON_BLOCKS = YES;
				GCC_OPTIMIZATION_LEVEL = 0;
				GCC_PREPROCESSOR_DEFINITIONS = (
					"DEBUG=1",
					"$(inherited)",
				);
				GCC_WARN_64_TO_32_BIT_CONVERSION = YES;
				GCC_WARN_ABOUT_RETURN_TYPE = YES_ERROR;
				GCC_WARN_UNDECLARED_SELECTOR = YES;
				GCC_WARN_UNINITIALIZED_AUTOS = YES_AGGRESSIVE;
				GCC_WARN_UNUSED_FUNCTION = YES;
				GCC_WARN_UNUSED_VARIABLE = YES;
				IPHONEOS_DEPLOYMENT_TARGET = 9.3;
				MTL_ENABLE_DEBUG_INFO = YES;
				ONLY_ACTIVE_ARCH = YES;
				SDKROOT = iphoneos;
				SWIFT_OPTIMIZATION_LEVEL = "-Onone";
				TARGETED_DEVICE_FAMILY = "1,2";
			};
			name = Debug;
		};
		324D7E021D95230D000087EC /* Release */ = {
			isa = XCBuildConfiguration;
			buildSettings = {
				ALWAYS_SEARCH_USER_PATHS = NO;
				CLANG_ANALYZER_NONNULL = YES;
				CLANG_CXX_LANGUAGE_STANDARD = "gnu++0x";
				CLANG_CXX_LIBRARY = "libc++";
				CLANG_ENABLE_MODULES = YES;
				CLANG_ENABLE_OBJC_ARC = YES;
				CLANG_WARN_BOOL_CONVERSION = YES;
				CLANG_WARN_CONSTANT_CONVERSION = YES;
				CLANG_WARN_DIRECT_OBJC_ISA_USAGE = YES_ERROR;
				CLANG_WARN_EMPTY_BODY = YES;
				CLANG_WARN_ENUM_CONVERSION = YES;
				CLANG_WARN_INFINITE_RECURSION = YES;
				CLANG_WARN_INT_CONVERSION = YES;
				CLANG_WARN_OBJC_ROOT_CLASS = YES_ERROR;
				CLANG_WARN_SUSPICIOUS_MOVE = YES;
				CLANG_WARN_UNREACHABLE_CODE = YES;
				CLANG_WARN__DUPLICATE_METHOD_MATCH = YES;
				"CODE_SIGN_IDENTITY[sdk=iphoneos*]" = "iPhone Developer";
				COPY_PHASE_STRIP = NO;
				DEBUG_INFORMATION_FORMAT = "dwarf-with-dsym";
				ENABLE_NS_ASSERTIONS = NO;
				ENABLE_STRICT_OBJC_MSGSEND = YES;
				GCC_C_LANGUAGE_STANDARD = gnu99;
				GCC_NO_COMMON_BLOCKS = YES;
				GCC_WARN_64_TO_32_BIT_CONVERSION = YES;
				GCC_WARN_ABOUT_RETURN_TYPE = YES_ERROR;
				GCC_WARN_UNDECLARED_SELECTOR = YES;
				GCC_WARN_UNINITIALIZED_AUTOS = YES_AGGRESSIVE;
				GCC_WARN_UNUSED_FUNCTION = YES;
				GCC_WARN_UNUSED_VARIABLE = YES;
				IPHONEOS_DEPLOYMENT_TARGET = 9.3;
				MTL_ENABLE_DEBUG_INFO = NO;
				SDKROOT = iphoneos;
				SWIFT_OPTIMIZATION_LEVEL = "-Owholemodule";
				TARGETED_DEVICE_FAMILY = "1,2";
				VALIDATE_PRODUCT = YES;
			};
			name = Release;
		};
		324D7E041D95230D000087EC /* Debug */ = {
			isa = XCBuildConfiguration;
			baseConfigurationReference = 99A03E915D381BF6CC7821EF /* Pods-DYTV-AlexanderZ-Swift.debug.xcconfig */;
			buildSettings = {
				ALWAYS_EMBED_SWIFT_STANDARD_LIBRARIES = YES;
				ASSETCATALOG_COMPILER_APPICON_NAME = AppIcon;
				ASSETCATALOG_COMPILER_LAUNCHIMAGE_NAME = "Brand Assets";
				"CODE_SIGN_IDENTITY[sdk=iphoneos*]" = "iPhone Developer";
				DEVELOPMENT_TEAM = MDG236NNW7;
				FRAMEWORK_SEARCH_PATHS = (
					"$(inherited)",
					"$(PROJECT_DIR)",
				);
				INFOPLIST_FILE = "DYTV-AlexanderZ-Swift/Info.plist";
				IPHONEOS_DEPLOYMENT_TARGET = 9.0;
				LD_RUNPATH_SEARCH_PATHS = "$(inherited) @executable_path/Frameworks";
				PRODUCT_BUNDLE_IDENTIFIER = "SugarAlex.DYTV-AlexanderZ-Swift";
				PRODUCT_NAME = "$(TARGET_NAME)";
				SWIFT_VERSION = 3.0;
				TARGETED_DEVICE_FAMILY = 1;
			};
			name = Debug;
		};
		324D7E051D95230D000087EC /* Release */ = {
			isa = XCBuildConfiguration;
			baseConfigurationReference = A08BA59364DCCB4CFFBFE04B /* Pods-DYTV-AlexanderZ-Swift.release.xcconfig */;
			buildSettings = {
				ALWAYS_EMBED_SWIFT_STANDARD_LIBRARIES = YES;
				ASSETCATALOG_COMPILER_APPICON_NAME = AppIcon;
				ASSETCATALOG_COMPILER_LAUNCHIMAGE_NAME = "Brand Assets";
				"CODE_SIGN_IDENTITY[sdk=iphoneos*]" = "iPhone Developer";
				DEVELOPMENT_TEAM = MDG236NNW7;
				FRAMEWORK_SEARCH_PATHS = (
					"$(inherited)",
					"$(PROJECT_DIR)",
				);
				INFOPLIST_FILE = "DYTV-AlexanderZ-Swift/Info.plist";
				IPHONEOS_DEPLOYMENT_TARGET = 9.0;
				LD_RUNPATH_SEARCH_PATHS = "$(inherited) @executable_path/Frameworks";
				PRODUCT_BUNDLE_IDENTIFIER = "SugarAlex.DYTV-AlexanderZ-Swift";
				PRODUCT_NAME = "$(TARGET_NAME)";
				SWIFT_VERSION = 3.0;
				TARGETED_DEVICE_FAMILY = 1;
			};
			name = Release;
		};
/* End XCBuildConfiguration section */

/* Begin XCConfigurationList section */
		324D7DEC1D95230D000087EC /* Build configuration list for PBXProject "DYTV-AlexanderZ-Swift" */ = {
			isa = XCConfigurationList;
			buildConfigurations = (
				324D7E011D95230D000087EC /* Debug */,
				324D7E021D95230D000087EC /* Release */,
			);
			defaultConfigurationIsVisible = 0;
			defaultConfigurationName = Release;
		};
		324D7E031D95230D000087EC /* Build configuration list for PBXNativeTarget "DYTV-AlexanderZ-Swift" */ = {
			isa = XCConfigurationList;
			buildConfigurations = (
				324D7E041D95230D000087EC /* Debug */,
				324D7E051D95230D000087EC /* Release */,
			);
			defaultConfigurationIsVisible = 0;
			defaultConfigurationName = Release;
		};
/* End XCConfigurationList section */
	};
	rootObject = 324D7DE91D95230D000087EC /* Project object */;
}
